// !$*UTF8*$!
{
	archiveVersion = 1;
	classes = {
	};
	objectVersion = 46;
	objects = {

/* Begin PBXBuildFile section */
		751C605713B1CB1C00447BB4 /* IBACoreDataContextProvider.h in Headers */ = {isa = PBXBuildFile; fileRef = 751C605513B1CB1C00447BB4 /* IBACoreDataContextProvider.h */; };
		751C605813B1CB1C00447BB4 /* IBACoreDataContextProvider.m in Sources */ = {isa = PBXBuildFile; fileRef = 751C605613B1CB1C00447BB4 /* IBACoreDataContextProvider.m */; };
		751C605B13B20E0800447BB4 /* CoreData.framework in Frameworks */ = {isa = PBXBuildFile; fileRef = 751C605A13B20E0800447BB4 /* CoreData.framework */; };
		751C606113B216E200447BB4 /* IBACoreData.h in Headers */ = {isa = PBXBuildFile; fileRef = 751C606013B216E200447BB4 /* IBACoreData.h */; };
		75DA1E47138D413B0014C492 /* NSString+IBAURLEncoding.h in Headers */ = {isa = PBXBuildFile; fileRef = 75DA1E45138D413B0014C492 /* NSString+IBAURLEncoding.h */; };
		75DA1E48138D413B0014C492 /* NSString+IBAURLEncoding.m in Sources */ = {isa = PBXBuildFile; fileRef = 75DA1E46138D413B0014C492 /* NSString+IBAURLEncoding.m */; };
		75DA1E49138D413B0014C492 /* NSString+IBAURLEncoding.m in Sources */ = {isa = PBXBuildFile; fileRef = 75DA1E46138D413B0014C492 /* NSString+IBAURLEncoding.m */; };
		A701064413947B8000D9AB8B /* MKPlacemark+IBAFormattedAddress.h in Headers */ = {isa = PBXBuildFile; fileRef = A701064213947B8000D9AB8B /* MKPlacemark+IBAFormattedAddress.h */; };
		A701064513947B8000D9AB8B /* MKPlacemark+IBAFormattedAddress.m in Sources */ = {isa = PBXBuildFile; fileRef = A701064313947B8000D9AB8B /* MKPlacemark+IBAFormattedAddress.m */; };
		A7014AF713718C0300BE32D2 /* NSTimer+IBABlocks.h in Headers */ = {isa = PBXBuildFile; fileRef = A7014AF513718C0300BE32D2 /* NSTimer+IBABlocks.h */; };
		A7014AF813718C0300BE32D2 /* NSTimer+IBABlocks.m in Sources */ = {isa = PBXBuildFile; fileRef = A7014AF613718C0300BE32D2 /* NSTimer+IBABlocks.m */; };
		A706A6BA138100D400429203 /* MKMapView+IBAAnnotations.h in Headers */ = {isa = PBXBuildFile; fileRef = A706A6B8138100D400429203 /* MKMapView+IBAAnnotations.h */; };
		A706A6BB138100D400429203 /* MKMapView+IBAAnnotations.m in Sources */ = {isa = PBXBuildFile; fileRef = A706A6B9138100D400429203 /* MKMapView+IBAAnnotations.m */; };
		A706A6BD138101AD00429203 /* IBAMapKit.h in Headers */ = {isa = PBXBuildFile; fileRef = A706A6BC138101AC00429203 /* IBAMapKit.h */; };
		A706A6ED13821B8300429203 /* IBAActionSheet.h in Headers */ = {isa = PBXBuildFile; fileRef = A706A6EB13821B8300429203 /* IBAActionSheet.h */; };
		A706A6EE13821B8300429203 /* IBAActionSheet.m in Sources */ = {isa = PBXBuildFile; fileRef = A706A6EC13821B8300429203 /* IBAActionSheet.m */; };
		A707FD74137761570029FA76 /* IBADelimitedTextFileReader.h in Headers */ = {isa = PBXBuildFile; fileRef = A707FD72137761570029FA76 /* IBADelimitedTextFileReader.h */; };
		A707FD75137761570029FA76 /* IBADelimitedTextFileReader.m in Sources */ = {isa = PBXBuildFile; fileRef = A707FD73137761570029FA76 /* IBADelimitedTextFileReader.m */; };
		A707FD78137776AB0029FA76 /* IBADelimitedTextFileReaderDelegate.h in Headers */ = {isa = PBXBuildFile; fileRef = A707FD77137776AB0029FA76 /* IBADelimitedTextFileReaderDelegate.h */; };
		A707FD7B13777B280029FA76 /* IBAInputStreamLineReader.h in Headers */ = {isa = PBXBuildFile; fileRef = A707FD7913777B280029FA76 /* IBAInputStreamLineReader.h */; };
		A707FD7C13777B280029FA76 /* IBAInputStreamLineReader.m in Sources */ = {isa = PBXBuildFile; fileRef = A707FD7A13777B280029FA76 /* IBAInputStreamLineReader.m */; };
		A707FD8113779BFD0029FA76 /* IBAInputStreamLineReaderTests.m in Sources */ = {isa = PBXBuildFile; fileRef = A707FD7E13779BCB0029FA76 /* IBAInputStreamLineReaderTests.m */; };
		A722FA43137B73730066CC1A /* IBAUIKit.h in Headers */ = {isa = PBXBuildFile; fileRef = A722FA42137B73730066CC1A /* IBAUIKit.h */; };
		A722FA46137B77550066CC1A /* UIBarButtonItem+IBAFactories.h in Headers */ = {isa = PBXBuildFile; fileRef = A722FA44137B77550066CC1A /* UIBarButtonItem+IBAFactories.h */; };
		A722FA47137B77550066CC1A /* UIBarButtonItem+IBAFactories.m in Sources */ = {isa = PBXBuildFile; fileRef = A722FA45137B77550066CC1A /* UIBarButtonItem+IBAFactories.m */; };
		A722FA5F137B94D90066CC1A /* UIAlertView+IBAExtensions.h in Headers */ = {isa = PBXBuildFile; fileRef = A722FA5D137B94D90066CC1A /* UIAlertView+IBAExtensions.h */; };
		A722FA60137B94D90066CC1A /* UIAlertView+IBAExtensions.m in Sources */ = {isa = PBXBuildFile; fileRef = A722FA5E137B94D90066CC1A /* UIAlertView+IBAExtensions.m */; };
		A7286D701389D99A00C12FCB /* IBAExtendedPlacemark.h in Headers */ = {isa = PBXBuildFile; fileRef = A7286D6E1389D99A00C12FCB /* IBAExtendedPlacemark.h */; };
		A7286D711389D99A00C12FCB /* IBAExtendedPlacemark.m in Sources */ = {isa = PBXBuildFile; fileRef = A7286D6F1389D99A00C12FCB /* IBAExtendedPlacemark.m */; };
		A7286D8A138A1AFB00C12FCB /* NSMutableArray+IBASorting.h in Headers */ = {isa = PBXBuildFile; fileRef = A7286D88138A1AFB00C12FCB /* NSMutableArray+IBASorting.h */; };
		A7286D8B138A1AFB00C12FCB /* NSMutableArray+IBASorting.m in Sources */ = {isa = PBXBuildFile; fileRef = A7286D89138A1AFB00C12FCB /* NSMutableArray+IBASorting.m */; };
		A7656EB91377DF50002FB968 /* IBADelimitedTextFileReaderTests.m in Sources */ = {isa = PBXBuildFile; fileRef = A7656EB61377DF3C002FB968 /* IBADelimitedTextFileReaderTests.m */; };
		A774CADA13B2DD89002B2FA1 /* UIScrollView+IBAExtensions.h in Headers */ = {isa = PBXBuildFile; fileRef = A774CAD813B2DD89002B2FA1 /* UIScrollView+IBAExtensions.h */; };
		A774CADB13B2DD89002B2FA1 /* UIScrollView+IBAExtensions.m in Sources */ = {isa = PBXBuildFile; fileRef = A774CAD913B2DD89002B2FA1 /* UIScrollView+IBAExtensions.m */; };
		A774CADE13B2E0B3002B2FA1 /* IBAUIKit.m in Sources */ = {isa = PBXBuildFile; fileRef = A774CADD13B2E0B3002B2FA1 /* IBAUIKit.m */; };
		A7914160136FD62200209C96 /* IBALogger.h in Headers */ = {isa = PBXBuildFile; fileRef = A791415E136FD62200209C96 /* IBALogger.h */; };
		A7914161136FD62200209C96 /* IBALogger.m in Sources */ = {isa = PBXBuildFile; fileRef = A791415F136FD62200209C96 /* IBALogger.m */; };
		A79141671370E2EC00209C96 /* IBALoggerTests.m in Sources */ = {isa = PBXBuildFile; fileRef = A79141641370E01300209C96 /* IBALoggerTests.m */; };
		A791416B13711FC400209C96 /* IBATemporaryFile.h in Headers */ = {isa = PBXBuildFile; fileRef = A791416913711FC400209C96 /* IBATemporaryFile.h */; };
		A791416C13711FC400209C96 /* IBATemporaryFile.m in Sources */ = {isa = PBXBuildFile; fileRef = A791416A13711FC400209C96 /* IBATemporaryFile.m */; };
		A791416E1371370A00209C96 /* IBADebug.m in Sources */ = {isa = PBXBuildFile; fileRef = A791416D1371370A00209C96 /* IBADebug.m */; };
		A791417313713F2000209C96 /* IBADebugTests.m in Sources */ = {isa = PBXBuildFile; fileRef = A791417013713EF800209C96 /* IBADebugTests.m */; };
		A79602101373D49300BA29E5 /* IttyBittyBits.h in Headers */ = {isa = PBXBuildFile; fileRef = A796020F1373D49300BA29E5 /* IttyBittyBits.h */; };
		A79602131373D50700BA29E5 /* IBAFoundation.h in Headers */ = {isa = PBXBuildFile; fileRef = A79602121373D50700BA29E5 /* IBAFoundation.h */; };
		A79602151373D55800BA29E5 /* IBASecurity.h in Headers */ = {isa = PBXBuildFile; fileRef = A79602141373D55800BA29E5 /* IBASecurity.h */; };
		A79602191373E46600BA29E5 /* IBARoundedRectPath.m in Sources */ = {isa = PBXBuildFile; fileRef = A79602171373E46600BA29E5 /* IBARoundedRectPath.m */; };
		A796021A1373E46600BA29E5 /* IBARoundedRectPath.h in Headers */ = {isa = PBXBuildFile; fileRef = A79602181373E46600BA29E5 /* IBARoundedRectPath.h */; };
		A796021C1373EAB000BA29E5 /* IBACoreGraphics.h in Headers */ = {isa = PBXBuildFile; fileRef = A796021B1373EAB000BA29E5 /* IBACoreGraphics.h */; };
		A7966B45139378CB00F1B1A1 /* AddressBook.framework in Frameworks */ = {isa = PBXBuildFile; fileRef = A7966B43139378CB00F1B1A1 /* AddressBook.framework */; };
		A7966B46139378CB00F1B1A1 /* AddressBookUI.framework in Frameworks */ = {isa = PBXBuildFile; fileRef = A7966B44139378CB00F1B1A1 /* AddressBookUI.framework */; };
		A7966B49139378EB00F1B1A1 /* CoreLocation.framework in Frameworks */ = {isa = PBXBuildFile; fileRef = A7966B48139378EB00F1B1A1 /* CoreLocation.framework */; };
		A7966B4B139378FD00F1B1A1 /* MapKit.framework in Frameworks */ = {isa = PBXBuildFile; fileRef = A7966B4A139378FD00F1B1A1 /* MapKit.framework */; };
		A7B109F513837F4C00C8A672 /* NSDictionary+IBAExtensions.h in Headers */ = {isa = PBXBuildFile; fileRef = A7B109F313837F4C00C8A672 /* NSDictionary+IBAExtensions.h */; };
		A7B109F613837F4C00C8A672 /* NSDictionary+IBAExtensions.m in Sources */ = {isa = PBXBuildFile; fileRef = A7B109F413837F4C00C8A672 /* NSDictionary+IBAExtensions.m */; };
		A7B109F9138387AC00C8A672 /* NSArray+IBASorting.h in Headers */ = {isa = PBXBuildFile; fileRef = A7B109F7138387AC00C8A672 /* NSArray+IBASorting.h */; };
		A7B109FA138387AC00C8A672 /* NSArray+IBASorting.m in Sources */ = {isa = PBXBuildFile; fileRef = A7B109F8138387AC00C8A672 /* NSArray+IBASorting.m */; };
		A7B10AA71384987D00C8A672 /* IBAGeocoder.h in Headers */ = {isa = PBXBuildFile; fileRef = A7B10AA51384987D00C8A672 /* IBAGeocoder.h */; };
		A7B10AA81384987D00C8A672 /* IBAGeocoder.m in Sources */ = {isa = PBXBuildFile; fileRef = A7B10AA61384987D00C8A672 /* IBAGeocoder.m */; };
		A7B10AAE1384AB5F00C8A672 /* IBAPreProcessorMagic.h in Headers */ = {isa = PBXBuildFile; fileRef = A7B10AAD1384AB5F00C8A672 /* IBAPreProcessorMagic.h */; };
		A7B10AB11384E4F500C8A672 /* JSONKit.h in Headers */ = {isa = PBXBuildFile; fileRef = A7B10AAF1384E4F500C8A672 /* JSONKit.h */; };
		A7B10AB21384E4F500C8A672 /* JSONKit.m in Sources */ = {isa = PBXBuildFile; fileRef = A7B10AB01384E4F500C8A672 /* JSONKit.m */; };
		A7B10AC5138609F700C8A672 /* MKReverseGeocoder+IBABlocks.h in Headers */ = {isa = PBXBuildFile; fileRef = A7B10AC3138609F700C8A672 /* MKReverseGeocoder+IBABlocks.h */; };
		A7B10AC6138609F800C8A672 /* MKReverseGeocoder+IBABlocks.m in Sources */ = {isa = PBXBuildFile; fileRef = A7B10AC4138609F700C8A672 /* MKReverseGeocoder+IBABlocks.m */; };
		A7B10AC9138632E800C8A672 /* UISearchBar+IBAExtensions.h in Headers */ = {isa = PBXBuildFile; fileRef = A7B10AC7138632E800C8A672 /* UISearchBar+IBAExtensions.h */; };
		A7B10ACA138632E800C8A672 /* UISearchBar+IBAExtensions.m in Sources */ = {isa = PBXBuildFile; fileRef = A7B10AC8138632E800C8A672 /* UISearchBar+IBAExtensions.m */; };
		A7B10ACD138652F800C8A672 /* IBACoreLocation.h in Headers */ = {isa = PBXBuildFile; fileRef = A7B10ACC138652F800C8A672 /* IBACoreLocation.h */; };
		A7B4DABD1367991200543D61 /* Foundation.framework in Frameworks */ = {isa = PBXBuildFile; fileRef = A7B4DABC1367991200543D61 /* Foundation.framework */; };
		A7B4DACD13679F5E00543D61 /* UIKit.framework in Frameworks */ = {isa = PBXBuildFile; fileRef = A7B4DACC13679F5E00543D61 /* UIKit.framework */; };
		A7B4DACE13679F5E00543D61 /* Foundation.framework in Frameworks */ = {isa = PBXBuildFile; fileRef = A7B4DABC1367991200543D61 /* Foundation.framework */; };
		A7B4DAD013679F5E00543D61 /* CoreGraphics.framework in Frameworks */ = {isa = PBXBuildFile; fileRef = A7B4DACF13679F5E00543D61 /* CoreGraphics.framework */; };
		A7B4DAD613679F5E00543D61 /* InfoPlist.strings in Resources */ = {isa = PBXBuildFile; fileRef = A7B4DAD413679F5E00543D61 /* InfoPlist.strings */; };
		A7B4DAD913679F5E00543D61 /* GHUnitIOSTestMain.m in Sources */ = {isa = PBXBuildFile; fileRef = A7B4DAD813679F5E00543D61 /* GHUnitIOSTestMain.m */; };
		A7B4DAF71367BFEB00543D61 /* IBASynthesizeSingleton.h in Headers */ = {isa = PBXBuildFile; fileRef = A7B4DAF51367BFEB00543D61 /* IBASynthesizeSingleton.h */; };
		A7B4DB031367C3EC00543D61 /* libIttyBittyBits.a in Frameworks */ = {isa = PBXBuildFile; fileRef = A7B4DAB91367991200543D61 /* libIttyBittyBits.a */; };
		A7B4DB051367C3F700543D61 /* GHUnitIOS.framework in Frameworks */ = {isa = PBXBuildFile; fileRef = A7B4DB041367C3F700543D61 /* GHUnitIOS.framework */; };
		A7B4DB0B1367C52600543D61 /* IBAKeychainUtils.h in Headers */ = {isa = PBXBuildFile; fileRef = A7B4DB091367C52600543D61 /* IBAKeychainUtils.h */; };
		A7B4DB0C1367C52600543D61 /* IBAKeychainUtils.m in Sources */ = {isa = PBXBuildFile; fileRef = A7B4DB0A1367C52600543D61 /* IBAKeychainUtils.m */; };
		A7B4DB0F1367C5F900543D61 /* IBADebug.h in Headers */ = {isa = PBXBuildFile; fileRef = A7B4DB0D1367C5F900543D61 /* IBADebug.h */; };
		A7B4DB121367C65B00543D61 /* Security.framework in Frameworks */ = {isa = PBXBuildFile; fileRef = A7B4DB111367C65B00543D61 /* Security.framework */; };
		A7B4DB171367C70D00543D61 /* Security.framework in Frameworks */ = {isa = PBXBuildFile; fileRef = A7B4DB111367C65B00543D61 /* Security.framework */; };
		A7B6922A137D13E200E379F3 /* NSNumber+IBACompare.h in Headers */ = {isa = PBXBuildFile; fileRef = A7B69228137D13DD00E379F3 /* NSNumber+IBACompare.h */; };
		A7B6922B137D13E200E379F3 /* NSNumber+IBACompare.m in Sources */ = {isa = PBXBuildFile; fileRef = A7B69229137D13E000E379F3 /* NSNumber+IBACompare.m */; };
		A7C0DBDF13B1705E00860296 /* UIView+IBAExtensions.h in Headers */ = {isa = PBXBuildFile; fileRef = A7C0DBDD13B1705E00860296 /* UIView+IBAExtensions.h */; };
		A7C0DBE013B1705E00860296 /* UIView+IBAExtensions.m in Sources */ = {isa = PBXBuildFile; fileRef = A7C0DBDE13B1705E00860296 /* UIView+IBAExtensions.m */; };
		A7C0DBF713B195A800860296 /* IBAMath.m in Sources */ = {isa = PBXBuildFile; fileRef = A7C0DBF613B195A800860296 /* IBAMath.m */; };
		A7C2FB9813B3073F00F774CA /* IBAGradientButton.h in Headers */ = {isa = PBXBuildFile; fileRef = A7C2FB9613B3073F00F774CA /* IBAGradientButton.h */; };
		A7C2FB9913B3073F00F774CA /* IBAGradientButton.m in Sources */ = {isa = PBXBuildFile; fileRef = A7C2FB9713B3073F00F774CA /* IBAGradientButton.m */; };
		A7C2FB9C13B3083500F774CA /* QuartzCore.framework in Frameworks */ = {isa = PBXBuildFile; fileRef = A7C2FB9B13B3083500F774CA /* QuartzCore.framework */; };
		A7C2FB9D13B3085800F774CA /* CoreData.framework in Frameworks */ = {isa = PBXBuildFile; fileRef = 751C605A13B20E0800447BB4 /* CoreData.framework */; };
		A7C2FB9E13B3085C00F774CA /* MapKit.framework in Frameworks */ = {isa = PBXBuildFile; fileRef = A7966B4A139378FD00F1B1A1 /* MapKit.framework */; };
		A7C2FB9F13B3086000F774CA /* CoreLocation.framework in Frameworks */ = {isa = PBXBuildFile; fileRef = A7966B48139378EB00F1B1A1 /* CoreLocation.framework */; };
		A7C2FBA013B3086400F774CA /* AddressBook.framework in Frameworks */ = {isa = PBXBuildFile; fileRef = A7966B43139378CB00F1B1A1 /* AddressBook.framework */; };
		A7C2FBA113B3086800F774CA /* AddressBookUI.framework in Frameworks */ = {isa = PBXBuildFile; fileRef = A7966B44139378CB00F1B1A1 /* AddressBookUI.framework */; };
		A7C2FBA213B3087200F774CA /* UIKit.framework in Frameworks */ = {isa = PBXBuildFile; fileRef = A7B4DACC13679F5E00543D61 /* UIKit.framework */; };
		A7C2FBA313B3087500F774CA /* QuartzCore.framework in Frameworks */ = {isa = PBXBuildFile; fileRef = A7C2FB9B13B3083500F774CA /* QuartzCore.framework */; };
		A7C2FBA413B3087900F774CA /* CoreGraphics.framework in Frameworks */ = {isa = PBXBuildFile; fileRef = A7B4DACF13679F5E00543D61 /* CoreGraphics.framework */; };
		A7D58C541378BF440041BBEB /* NSString+IBAWhitespace.h in Headers */ = {isa = PBXBuildFile; fileRef = A7D58C521378BF440041BBEB /* NSString+IBAWhitespace.h */; };
		A7D58C551378BF440041BBEB /* NSString+IBAWhitespace.m in Sources */ = {isa = PBXBuildFile; fileRef = A7D58C531378BF440041BBEB /* NSString+IBAWhitespace.m */; };
		A7D58C591378CFAA0041BBEB /* NSArray+IBAWhitespace.h in Headers */ = {isa = PBXBuildFile; fileRef = A7D58C571378CFA80041BBEB /* NSArray+IBAWhitespace.h */; };
		A7D58C5A1378CFAA0041BBEB /* NSArray+IBAWhitespace.m in Sources */ = {isa = PBXBuildFile; fileRef = A7D58C581378CFA90041BBEB /* NSArray+IBAWhitespace.m */; };
		A7D58C5C1378DAE40041BBEB /* IBADelimitedTextFileReaderDelegate.m in Sources */ = {isa = PBXBuildFile; fileRef = A7D58C5B1378DAE30041BBEB /* IBADelimitedTextFileReaderDelegate.m */; };
		A7D58C6013792D970041BBEB /* IBAMath.h in Headers */ = {isa = PBXBuildFile; fileRef = A7D58C5F13792D960041BBEB /* IBAMath.h */; };
		A7FB6B5C137148DC0088C4CD /* IBACommon.h in Headers */ = {isa = PBXBuildFile; fileRef = A7FB6B5B137148DC0088C4CD /* IBACommon.h */; };
/* End PBXBuildFile section */

/* Begin PBXContainerItemProxy section */
		A7B4DB061367C40C00543D61 /* PBXContainerItemProxy */ = {
			isa = PBXContainerItemProxy;
			containerPortal = A7B4DAB01367991100543D61 /* Project object */;
			proxyType = 1;
			remoteGlobalIDString = A7B4DAB81367991200543D61;
			remoteInfo = IttyBittyBits;
		};
/* End PBXContainerItemProxy section */

/* Begin PBXFileReference section */
		751C605513B1CB1C00447BB4 /* IBACoreDataContextProvider.h */ = {isa = PBXFileReference; fileEncoding = 4; lastKnownFileType = sourcecode.c.h; path = IBACoreDataContextProvider.h; sourceTree = "<group>"; };
		751C605613B1CB1C00447BB4 /* IBACoreDataContextProvider.m */ = {isa = PBXFileReference; fileEncoding = 4; lastKnownFileType = sourcecode.c.objc; path = IBACoreDataContextProvider.m; sourceTree = "<group>"; };
		751C605A13B20E0800447BB4 /* CoreData.framework */ = {isa = PBXFileReference; lastKnownFileType = wrapper.framework; name = CoreData.framework; path = System/Library/Frameworks/CoreData.framework; sourceTree = SDKROOT; };
		751C606013B216E200447BB4 /* IBACoreData.h */ = {isa = PBXFileReference; fileEncoding = 4; lastKnownFileType = sourcecode.c.h; path = IBACoreData.h; sourceTree = "<group>"; };
		75DA1E45138D413B0014C492 /* NSString+IBAURLEncoding.h */ = {isa = PBXFileReference; fileEncoding = 4; lastKnownFileType = sourcecode.c.h; name = "NSString+IBAURLEncoding.h"; path = "Foundation/NSString+IBAURLEncoding.h"; sourceTree = SOURCE_ROOT; };
		75DA1E46138D413B0014C492 /* NSString+IBAURLEncoding.m */ = {isa = PBXFileReference; fileEncoding = 4; lastKnownFileType = sourcecode.c.objc; name = "NSString+IBAURLEncoding.m"; path = "Foundation/NSString+IBAURLEncoding.m"; sourceTree = SOURCE_ROOT; };
		A701064213947B8000D9AB8B /* MKPlacemark+IBAFormattedAddress.h */ = {isa = PBXFileReference; fileEncoding = 4; lastKnownFileType = sourcecode.c.h; name = "MKPlacemark+IBAFormattedAddress.h"; path = "MapKit/MKPlacemark+IBAFormattedAddress.h"; sourceTree = SOURCE_ROOT; };
		A701064313947B8000D9AB8B /* MKPlacemark+IBAFormattedAddress.m */ = {isa = PBXFileReference; fileEncoding = 4; lastKnownFileType = sourcecode.c.objc; name = "MKPlacemark+IBAFormattedAddress.m"; path = "MapKit/MKPlacemark+IBAFormattedAddress.m"; sourceTree = SOURCE_ROOT; };
		A7014AF513718C0300BE32D2 /* NSTimer+IBABlocks.h */ = {isa = PBXFileReference; fileEncoding = 4; lastKnownFileType = sourcecode.c.h; name = "NSTimer+IBABlocks.h"; path = "Foundation/NSTimer+IBABlocks.h"; sourceTree = SOURCE_ROOT; };
		A7014AF613718C0300BE32D2 /* NSTimer+IBABlocks.m */ = {isa = PBXFileReference; fileEncoding = 4; lastKnownFileType = sourcecode.c.objc; name = "NSTimer+IBABlocks.m"; path = "Foundation/NSTimer+IBABlocks.m"; sourceTree = SOURCE_ROOT; };
		A706A6B8138100D400429203 /* MKMapView+IBAAnnotations.h */ = {isa = PBXFileReference; fileEncoding = 4; lastKnownFileType = sourcecode.c.h; name = "MKMapView+IBAAnnotations.h"; path = "MapKit/MKMapView+IBAAnnotations.h"; sourceTree = SOURCE_ROOT; };
		A706A6B9138100D400429203 /* MKMapView+IBAAnnotations.m */ = {isa = PBXFileReference; fileEncoding = 4; lastKnownFileType = sourcecode.c.objc; name = "MKMapView+IBAAnnotations.m"; path = "MapKit/MKMapView+IBAAnnotations.m"; sourceTree = SOURCE_ROOT; };
		A706A6BC138101AC00429203 /* IBAMapKit.h */ = {isa = PBXFileReference; fileEncoding = 4; lastKnownFileType = sourcecode.c.h; name = IBAMapKit.h; path = MapKit/IBAMapKit.h; sourceTree = SOURCE_ROOT; };
		A706A6EB13821B8300429203 /* IBAActionSheet.h */ = {isa = PBXFileReference; fileEncoding = 4; lastKnownFileType = sourcecode.c.h; name = IBAActionSheet.h; path = UIKit/IBAActionSheet.h; sourceTree = SOURCE_ROOT; };
		A706A6EC13821B8300429203 /* IBAActionSheet.m */ = {isa = PBXFileReference; fileEncoding = 4; lastKnownFileType = sourcecode.c.objc; name = IBAActionSheet.m; path = UIKit/IBAActionSheet.m; sourceTree = SOURCE_ROOT; };
		A707FD72137761570029FA76 /* IBADelimitedTextFileReader.h */ = {isa = PBXFileReference; fileEncoding = 4; lastKnownFileType = sourcecode.c.h; name = IBADelimitedTextFileReader.h; path = Foundation/IBADelimitedTextFileReader.h; sourceTree = SOURCE_ROOT; };
		A707FD73137761570029FA76 /* IBADelimitedTextFileReader.m */ = {isa = PBXFileReference; fileEncoding = 4; lastKnownFileType = sourcecode.c.objc; name = IBADelimitedTextFileReader.m; path = Foundation/IBADelimitedTextFileReader.m; sourceTree = SOURCE_ROOT; };
		A707FD77137776AB0029FA76 /* IBADelimitedTextFileReaderDelegate.h */ = {isa = PBXFileReference; fileEncoding = 4; lastKnownFileType = sourcecode.c.h; name = IBADelimitedTextFileReaderDelegate.h; path = Foundation/IBADelimitedTextFileReaderDelegate.h; sourceTree = SOURCE_ROOT; };
		A707FD7913777B280029FA76 /* IBAInputStreamLineReader.h */ = {isa = PBXFileReference; fileEncoding = 4; lastKnownFileType = sourcecode.c.h; name = IBAInputStreamLineReader.h; path = Foundation/IBAInputStreamLineReader.h; sourceTree = SOURCE_ROOT; };
		A707FD7A13777B280029FA76 /* IBAInputStreamLineReader.m */ = {isa = PBXFileReference; fileEncoding = 4; lastKnownFileType = sourcecode.c.objc; name = IBAInputStreamLineReader.m; path = Foundation/IBAInputStreamLineReader.m; sourceTree = SOURCE_ROOT; };
		A707FD7D13779BCB0029FA76 /* IBAInputStreamLineReaderTests.h */ = {isa = PBXFileReference; fileEncoding = 4; lastKnownFileType = sourcecode.c.h; path = IBAInputStreamLineReaderTests.h; sourceTree = "<group>"; };
		A707FD7E13779BCB0029FA76 /* IBAInputStreamLineReaderTests.m */ = {isa = PBXFileReference; fileEncoding = 4; lastKnownFileType = sourcecode.c.objc; path = IBAInputStreamLineReaderTests.m; sourceTree = "<group>"; };
		A722FA42137B73730066CC1A /* IBAUIKit.h */ = {isa = PBXFileReference; fileEncoding = 4; lastKnownFileType = sourcecode.c.h; name = IBAUIKit.h; path = UIKit/IBAUIKit.h; sourceTree = SOURCE_ROOT; };
		A722FA44137B77550066CC1A /* UIBarButtonItem+IBAFactories.h */ = {isa = PBXFileReference; fileEncoding = 4; lastKnownFileType = sourcecode.c.h; name = "UIBarButtonItem+IBAFactories.h"; path = "UIKit/UIBarButtonItem+IBAFactories.h"; sourceTree = SOURCE_ROOT; };
		A722FA45137B77550066CC1A /* UIBarButtonItem+IBAFactories.m */ = {isa = PBXFileReference; fileEncoding = 4; lastKnownFileType = sourcecode.c.objc; name = "UIBarButtonItem+IBAFactories.m"; path = "UIKit/UIBarButtonItem+IBAFactories.m"; sourceTree = SOURCE_ROOT; };
		A722FA5D137B94D90066CC1A /* UIAlertView+IBAExtensions.h */ = {isa = PBXFileReference; fileEncoding = 4; lastKnownFileType = sourcecode.c.h; name = "UIAlertView+IBAExtensions.h"; path = "UIKit/UIAlertView+IBAExtensions.h"; sourceTree = SOURCE_ROOT; };
		A722FA5E137B94D90066CC1A /* UIAlertView+IBAExtensions.m */ = {isa = PBXFileReference; fileEncoding = 4; lastKnownFileType = sourcecode.c.objc; name = "UIAlertView+IBAExtensions.m"; path = "UIKit/UIAlertView+IBAExtensions.m"; sourceTree = SOURCE_ROOT; };
		A7286D6E1389D99A00C12FCB /* IBAExtendedPlacemark.h */ = {isa = PBXFileReference; fileEncoding = 4; lastKnownFileType = sourcecode.c.h; name = IBAExtendedPlacemark.h; path = MapKit/IBAExtendedPlacemark.h; sourceTree = SOURCE_ROOT; };
		A7286D6F1389D99A00C12FCB /* IBAExtendedPlacemark.m */ = {isa = PBXFileReference; fileEncoding = 4; lastKnownFileType = sourcecode.c.objc; name = IBAExtendedPlacemark.m; path = MapKit/IBAExtendedPlacemark.m; sourceTree = SOURCE_ROOT; };
		A7286D88138A1AFB00C12FCB /* NSMutableArray+IBASorting.h */ = {isa = PBXFileReference; fileEncoding = 4; lastKnownFileType = sourcecode.c.h; name = "NSMutableArray+IBASorting.h"; path = "Foundation/NSMutableArray+IBASorting.h"; sourceTree = SOURCE_ROOT; };
		A7286D89138A1AFB00C12FCB /* NSMutableArray+IBASorting.m */ = {isa = PBXFileReference; fileEncoding = 4; lastKnownFileType = sourcecode.c.objc; name = "NSMutableArray+IBASorting.m"; path = "Foundation/NSMutableArray+IBASorting.m"; sourceTree = SOURCE_ROOT; };
		A7656EB51377DF3C002FB968 /* IBADelimitedTextFileReaderTests.h */ = {isa = PBXFileReference; fileEncoding = 4; lastKnownFileType = sourcecode.c.h; path = IBADelimitedTextFileReaderTests.h; sourceTree = "<group>"; };
		A7656EB61377DF3C002FB968 /* IBADelimitedTextFileReaderTests.m */ = {isa = PBXFileReference; fileEncoding = 4; lastKnownFileType = sourcecode.c.objc; path = IBADelimitedTextFileReaderTests.m; sourceTree = "<group>"; };
		A774CAD813B2DD89002B2FA1 /* UIScrollView+IBAExtensions.h */ = {isa = PBXFileReference; fileEncoding = 4; lastKnownFileType = sourcecode.c.h; path = "UIScrollView+IBAExtensions.h"; sourceTree = "<group>"; };
		A774CAD913B2DD89002B2FA1 /* UIScrollView+IBAExtensions.m */ = {isa = PBXFileReference; fileEncoding = 4; lastKnownFileType = sourcecode.c.objc; path = "UIScrollView+IBAExtensions.m"; sourceTree = "<group>"; };
		A774CADD13B2E0B3002B2FA1 /* IBAUIKit.m */ = {isa = PBXFileReference; fileEncoding = 4; lastKnownFileType = sourcecode.c.objc; path = IBAUIKit.m; sourceTree = "<group>"; };
		A791415E136FD62200209C96 /* IBALogger.h */ = {isa = PBXFileReference; fileEncoding = 4; lastKnownFileType = sourcecode.c.h; name = IBALogger.h; path = Foundation/IBALogger.h; sourceTree = SOURCE_ROOT; };
		A791415F136FD62200209C96 /* IBALogger.m */ = {isa = PBXFileReference; fileEncoding = 4; lastKnownFileType = sourcecode.c.objc; name = IBALogger.m; path = Foundation/IBALogger.m; sourceTree = SOURCE_ROOT; };
		A79141631370E01300209C96 /* IBALoggerTests.h */ = {isa = PBXFileReference; fileEncoding = 4; lastKnownFileType = sourcecode.c.h; path = IBALoggerTests.h; sourceTree = "<group>"; };
		A79141641370E01300209C96 /* IBALoggerTests.m */ = {isa = PBXFileReference; fileEncoding = 4; lastKnownFileType = sourcecode.c.objc; path = IBALoggerTests.m; sourceTree = "<group>"; };
		A791416913711FC400209C96 /* IBATemporaryFile.h */ = {isa = PBXFileReference; fileEncoding = 4; lastKnownFileType = sourcecode.c.h; name = IBATemporaryFile.h; path = Foundation/IBATemporaryFile.h; sourceTree = SOURCE_ROOT; };
		A791416A13711FC400209C96 /* IBATemporaryFile.m */ = {isa = PBXFileReference; fileEncoding = 4; lastKnownFileType = sourcecode.c.objc; name = IBATemporaryFile.m; path = Foundation/IBATemporaryFile.m; sourceTree = SOURCE_ROOT; };
		A791416D1371370A00209C96 /* IBADebug.m */ = {isa = PBXFileReference; fileEncoding = 4; lastKnownFileType = sourcecode.c.objc; name = IBADebug.m; path = Foundation/IBADebug.m; sourceTree = SOURCE_ROOT; };
		A791416F13713EF800209C96 /* IBADebugTests.h */ = {isa = PBXFileReference; fileEncoding = 4; lastKnownFileType = sourcecode.c.h; path = IBADebugTests.h; sourceTree = "<group>"; };
		A791417013713EF800209C96 /* IBADebugTests.m */ = {isa = PBXFileReference; fileEncoding = 4; lastKnownFileType = sourcecode.c.objc; path = IBADebugTests.m; sourceTree = "<group>"; };
		A796020F1373D49300BA29E5 /* IttyBittyBits.h */ = {isa = PBXFileReference; fileEncoding = 4; lastKnownFileType = sourcecode.c.h; path = IttyBittyBits.h; sourceTree = SOURCE_ROOT; };
		A79602121373D50700BA29E5 /* IBAFoundation.h */ = {isa = PBXFileReference; fileEncoding = 4; lastKnownFileType = sourcecode.c.h; name = IBAFoundation.h; path = Foundation/IBAFoundation.h; sourceTree = SOURCE_ROOT; };
		A79602141373D55800BA29E5 /* IBASecurity.h */ = {isa = PBXFileReference; fileEncoding = 4; lastKnownFileType = sourcecode.c.h; name = IBASecurity.h; path = Security/IBASecurity.h; sourceTree = SOURCE_ROOT; };
		A79602171373E46600BA29E5 /* IBARoundedRectPath.m */ = {isa = PBXFileReference; fileEncoding = 4; lastKnownFileType = sourcecode.c.objc; name = IBARoundedRectPath.m; path = CoreGraphics/IBARoundedRectPath.m; sourceTree = SOURCE_ROOT; };
		A79602181373E46600BA29E5 /* IBARoundedRectPath.h */ = {isa = PBXFileReference; fileEncoding = 4; lastKnownFileType = sourcecode.c.h; name = IBARoundedRectPath.h; path = CoreGraphics/IBARoundedRectPath.h; sourceTree = SOURCE_ROOT; };
		A796021B1373EAB000BA29E5 /* IBACoreGraphics.h */ = {isa = PBXFileReference; fileEncoding = 4; lastKnownFileType = sourcecode.c.h; name = IBACoreGraphics.h; path = CoreGraphics/IBACoreGraphics.h; sourceTree = SOURCE_ROOT; };
		A7966B43139378CB00F1B1A1 /* AddressBook.framework */ = {isa = PBXFileReference; lastKnownFileType = wrapper.framework; name = AddressBook.framework; path = System/Library/Frameworks/AddressBook.framework; sourceTree = SDKROOT; };
		A7966B44139378CB00F1B1A1 /* AddressBookUI.framework */ = {isa = PBXFileReference; lastKnownFileType = wrapper.framework; name = AddressBookUI.framework; path = System/Library/Frameworks/AddressBookUI.framework; sourceTree = SDKROOT; };
		A7966B48139378EB00F1B1A1 /* CoreLocation.framework */ = {isa = PBXFileReference; lastKnownFileType = wrapper.framework; name = CoreLocation.framework; path = System/Library/Frameworks/CoreLocation.framework; sourceTree = SDKROOT; };
		A7966B4A139378FD00F1B1A1 /* MapKit.framework */ = {isa = PBXFileReference; lastKnownFileType = wrapper.framework; name = MapKit.framework; path = System/Library/Frameworks/MapKit.framework; sourceTree = SDKROOT; };
		A7B109F313837F4C00C8A672 /* NSDictionary+IBAExtensions.h */ = {isa = PBXFileReference; fileEncoding = 4; lastKnownFileType = sourcecode.c.h; name = "NSDictionary+IBAExtensions.h"; path = "Foundation/NSDictionary+IBAExtensions.h"; sourceTree = SOURCE_ROOT; };
		A7B109F413837F4C00C8A672 /* NSDictionary+IBAExtensions.m */ = {isa = PBXFileReference; fileEncoding = 4; lastKnownFileType = sourcecode.c.objc; name = "NSDictionary+IBAExtensions.m"; path = "Foundation/NSDictionary+IBAExtensions.m"; sourceTree = SOURCE_ROOT; };
		A7B109F7138387AC00C8A672 /* NSArray+IBASorting.h */ = {isa = PBXFileReference; fileEncoding = 4; lastKnownFileType = sourcecode.c.h; name = "NSArray+IBASorting.h"; path = "Foundation/NSArray+IBASorting.h"; sourceTree = SOURCE_ROOT; };
		A7B109F8138387AC00C8A672 /* NSArray+IBASorting.m */ = {isa = PBXFileReference; fileEncoding = 4; lastKnownFileType = sourcecode.c.objc; name = "NSArray+IBASorting.m"; path = "Foundation/NSArray+IBASorting.m"; sourceTree = SOURCE_ROOT; };
		A7B10AA51384987D00C8A672 /* IBAGeocoder.h */ = {isa = PBXFileReference; fileEncoding = 4; lastKnownFileType = sourcecode.c.h; name = IBAGeocoder.h; path = MapKit/IBAGeocoder.h; sourceTree = SOURCE_ROOT; };
		A7B10AA61384987D00C8A672 /* IBAGeocoder.m */ = {isa = PBXFileReference; fileEncoding = 4; lastKnownFileType = sourcecode.c.objc; name = IBAGeocoder.m; path = MapKit/IBAGeocoder.m; sourceTree = SOURCE_ROOT; };
		A7B10AAD1384AB5F00C8A672 /* IBAPreProcessorMagic.h */ = {isa = PBXFileReference; fileEncoding = 4; lastKnownFileType = sourcecode.c.h; name = IBAPreProcessorMagic.h; path = Foundation/IBAPreProcessorMagic.h; sourceTree = SOURCE_ROOT; };
		A7B10AAF1384E4F500C8A672 /* JSONKit.h */ = {isa = PBXFileReference; fileEncoding = 4; lastKnownFileType = sourcecode.c.h; name = JSONKit.h; path = ../lib/JSONKit/JSONKit.h; sourceTree = "<group>"; };
		A7B10AB01384E4F500C8A672 /* JSONKit.m */ = {isa = PBXFileReference; fileEncoding = 4; lastKnownFileType = sourcecode.c.objc; name = JSONKit.m; path = ../lib/JSONKit/JSONKit.m; sourceTree = "<group>"; };
		A7B10AC3138609F700C8A672 /* MKReverseGeocoder+IBABlocks.h */ = {isa = PBXFileReference; fileEncoding = 4; lastKnownFileType = sourcecode.c.h; name = "MKReverseGeocoder+IBABlocks.h"; path = "MapKit/MKReverseGeocoder+IBABlocks.h"; sourceTree = SOURCE_ROOT; };
		A7B10AC4138609F700C8A672 /* MKReverseGeocoder+IBABlocks.m */ = {isa = PBXFileReference; fileEncoding = 4; lastKnownFileType = sourcecode.c.objc; name = "MKReverseGeocoder+IBABlocks.m"; path = "MapKit/MKReverseGeocoder+IBABlocks.m"; sourceTree = SOURCE_ROOT; };
		A7B10AC7138632E800C8A672 /* UISearchBar+IBAExtensions.h */ = {isa = PBXFileReference; fileEncoding = 4; lastKnownFileType = sourcecode.c.h; name = "UISearchBar+IBAExtensions.h"; path = "UIKit/UISearchBar+IBAExtensions.h"; sourceTree = SOURCE_ROOT; };
		A7B10AC8138632E800C8A672 /* UISearchBar+IBAExtensions.m */ = {isa = PBXFileReference; fileEncoding = 4; lastKnownFileType = sourcecode.c.objc; name = "UISearchBar+IBAExtensions.m"; path = "UIKit/UISearchBar+IBAExtensions.m"; sourceTree = SOURCE_ROOT; };
		A7B10ACC138652F800C8A672 /* IBACoreLocation.h */ = {isa = PBXFileReference; fileEncoding = 4; lastKnownFileType = sourcecode.c.h; name = IBACoreLocation.h; path = CoreLocation/IBACoreLocation.h; sourceTree = SOURCE_ROOT; };
		A7B4DAB91367991200543D61 /* libIttyBittyBits.a */ = {isa = PBXFileReference; explicitFileType = archive.ar; includeInIndex = 0; path = libIttyBittyBits.a; sourceTree = BUILT_PRODUCTS_DIR; };
		A7B4DABC1367991200543D61 /* Foundation.framework */ = {isa = PBXFileReference; lastKnownFileType = wrapper.framework; name = Foundation.framework; path = System/Library/Frameworks/Foundation.framework; sourceTree = SDKROOT; };
		A7B4DAC01367991200543D61 /* IttyBittyBits-Prefix.pch */ = {isa = PBXFileReference; lastKnownFileType = sourcecode.c.h; path = "IttyBittyBits-Prefix.pch"; sourceTree = "<group>"; };
		A7B4DACA13679F5D00543D61 /* IttyBittyBitsTests.app */ = {isa = PBXFileReference; explicitFileType = wrapper.application; includeInIndex = 0; path = IttyBittyBitsTests.app; sourceTree = BUILT_PRODUCTS_DIR; };
		A7B4DACC13679F5E00543D61 /* UIKit.framework */ = {isa = PBXFileReference; lastKnownFileType = wrapper.framework; name = UIKit.framework; path = System/Library/Frameworks/UIKit.framework; sourceTree = SDKROOT; };
		A7B4DACF13679F5E00543D61 /* CoreGraphics.framework */ = {isa = PBXFileReference; lastKnownFileType = wrapper.framework; name = CoreGraphics.framework; path = System/Library/Frameworks/CoreGraphics.framework; sourceTree = SDKROOT; };
		A7B4DAD313679F5E00543D61 /* IttyBittyBitsTests-Info.plist */ = {isa = PBXFileReference; lastKnownFileType = text.plist.xml; path = "IttyBittyBitsTests-Info.plist"; sourceTree = "<group>"; };
		A7B4DAD513679F5E00543D61 /* en */ = {isa = PBXFileReference; lastKnownFileType = text.plist.strings; name = en; path = en.lproj/InfoPlist.strings; sourceTree = "<group>"; };
		A7B4DAD713679F5E00543D61 /* IttyBittyBitsTests-Prefix.pch */ = {isa = PBXFileReference; lastKnownFileType = sourcecode.c.h; path = "IttyBittyBitsTests-Prefix.pch"; sourceTree = "<group>"; };
		A7B4DAD813679F5E00543D61 /* GHUnitIOSTestMain.m */ = {isa = PBXFileReference; lastKnownFileType = sourcecode.c.objc; path = GHUnitIOSTestMain.m; sourceTree = "<group>"; };
		A7B4DAF51367BFEB00543D61 /* IBASynthesizeSingleton.h */ = {isa = PBXFileReference; fileEncoding = 4; lastKnownFileType = sourcecode.c.h; path = IBASynthesizeSingleton.h; sourceTree = "<group>"; };
		A7B4DB041367C3F700543D61 /* GHUnitIOS.framework */ = {isa = PBXFileReference; lastKnownFileType = wrapper.framework; name = GHUnitIOS.framework; path = "../lib/gh-unit/GHUnitIOS.framework"; sourceTree = "<group>"; };
		A7B4DB091367C52600543D61 /* IBAKeychainUtils.h */ = {isa = PBXFileReference; fileEncoding = 4; lastKnownFileType = sourcecode.c.h; name = IBAKeychainUtils.h; path = Security/IBAKeychainUtils.h; sourceTree = SOURCE_ROOT; };
		A7B4DB0A1367C52600543D61 /* IBAKeychainUtils.m */ = {isa = PBXFileReference; fileEncoding = 4; lastKnownFileType = sourcecode.c.objc; name = IBAKeychainUtils.m; path = Security/IBAKeychainUtils.m; sourceTree = SOURCE_ROOT; };
		A7B4DB0D1367C5F900543D61 /* IBADebug.h */ = {isa = PBXFileReference; fileEncoding = 4; lastKnownFileType = sourcecode.c.h; name = IBADebug.h; path = Foundation/IBADebug.h; sourceTree = SOURCE_ROOT; };
		A7B4DB111367C65B00543D61 /* Security.framework */ = {isa = PBXFileReference; lastKnownFileType = wrapper.framework; name = Security.framework; path = System/Library/Frameworks/Security.framework; sourceTree = SDKROOT; };
		A7B69228137D13DD00E379F3 /* NSNumber+IBACompare.h */ = {isa = PBXFileReference; fileEncoding = 4; lastKnownFileType = sourcecode.c.h; name = "NSNumber+IBACompare.h"; path = "Foundation/NSNumber+IBACompare.h"; sourceTree = SOURCE_ROOT; };
		A7B69229137D13E000E379F3 /* NSNumber+IBACompare.m */ = {isa = PBXFileReference; fileEncoding = 4; lastKnownFileType = sourcecode.c.objc; name = "NSNumber+IBACompare.m"; path = "Foundation/NSNumber+IBACompare.m"; sourceTree = SOURCE_ROOT; };
		A7C0DBDD13B1705E00860296 /* UIView+IBAExtensions.h */ = {isa = PBXFileReference; fileEncoding = 4; lastKnownFileType = sourcecode.c.h; path = "UIView+IBAExtensions.h"; sourceTree = "<group>"; };
		A7C0DBDE13B1705E00860296 /* UIView+IBAExtensions.m */ = {isa = PBXFileReference; fileEncoding = 4; lastKnownFileType = sourcecode.c.objc; path = "UIView+IBAExtensions.m"; sourceTree = "<group>"; };
		A7C0DBF613B195A800860296 /* IBAMath.m */ = {isa = PBXFileReference; fileEncoding = 4; lastKnownFileType = sourcecode.c.objc; path = IBAMath.m; sourceTree = "<group>"; };
		A7C2168C13AB29D40070DA6A /* Shared.xcconfig */ = {isa = PBXFileReference; fileEncoding = 4; lastKnownFileType = text.xcconfig; path = Shared.xcconfig; sourceTree = "<group>"; };
		A7C2168D13AB2BAC0070DA6A /* Debug.xcconfig */ = {isa = PBXFileReference; fileEncoding = 4; lastKnownFileType = text.xcconfig; path = Debug.xcconfig; sourceTree = "<group>"; };
		A7C2168E13AB2BBC0070DA6A /* Release.xcconfig */ = {isa = PBXFileReference; fileEncoding = 4; lastKnownFileType = text.xcconfig; path = Release.xcconfig; sourceTree = "<group>"; };
		A7C2168F13AB2DC70070DA6A /* IttyBittyBits-Shared.xcconfig */ = {isa = PBXFileReference; fileEncoding = 4; lastKnownFileType = text.xcconfig; path = "IttyBittyBits-Shared.xcconfig"; sourceTree = "<group>"; };
		A7C2169013AB2DD90070DA6A /* IttyBittyBits-Debug.xcconfig */ = {isa = PBXFileReference; fileEncoding = 4; lastKnownFileType = text.xcconfig; path = "IttyBittyBits-Debug.xcconfig"; sourceTree = "<group>"; };
		A7C2169113AB2DE70070DA6A /* IttyBittyBits-Release.xcconfig */ = {isa = PBXFileReference; fileEncoding = 4; lastKnownFileType = text.xcconfig; path = "IttyBittyBits-Release.xcconfig"; sourceTree = "<group>"; };
		A7C2FB9613B3073F00F774CA /* IBAGradientButton.h */ = {isa = PBXFileReference; fileEncoding = 4; lastKnownFileType = sourcecode.c.h; path = IBAGradientButton.h; sourceTree = "<group>"; };
		A7C2FB9713B3073F00F774CA /* IBAGradientButton.m */ = {isa = PBXFileReference; fileEncoding = 4; lastKnownFileType = sourcecode.c.objc; path = IBAGradientButton.m; sourceTree = "<group>"; };
		A7C2FB9B13B3083500F774CA /* QuartzCore.framework */ = {isa = PBXFileReference; lastKnownFileType = wrapper.framework; name = QuartzCore.framework; path = System/Library/Frameworks/QuartzCore.framework; sourceTree = SDKROOT; };
		A7D58C521378BF440041BBEB /* NSString+IBAWhitespace.h */ = {isa = PBXFileReference; fileEncoding = 4; lastKnownFileType = sourcecode.c.h; name = "NSString+IBAWhitespace.h"; path = "Foundation/NSString+IBAWhitespace.h"; sourceTree = SOURCE_ROOT; };
		A7D58C531378BF440041BBEB /* NSString+IBAWhitespace.m */ = {isa = PBXFileReference; fileEncoding = 4; lastKnownFileType = sourcecode.c.objc; name = "NSString+IBAWhitespace.m"; path = "Foundation/NSString+IBAWhitespace.m"; sourceTree = SOURCE_ROOT; };
		A7D58C571378CFA80041BBEB /* NSArray+IBAWhitespace.h */ = {isa = PBXFileReference; fileEncoding = 4; lastKnownFileType = sourcecode.c.h; name = "NSArray+IBAWhitespace.h"; path = "Foundation/NSArray+IBAWhitespace.h"; sourceTree = SOURCE_ROOT; };
		A7D58C581378CFA90041BBEB /* NSArray+IBAWhitespace.m */ = {isa = PBXFileReference; fileEncoding = 4; lastKnownFileType = sourcecode.c.objc; name = "NSArray+IBAWhitespace.m"; path = "Foundation/NSArray+IBAWhitespace.m"; sourceTree = SOURCE_ROOT; };
		A7D58C5B1378DAE30041BBEB /* IBADelimitedTextFileReaderDelegate.m */ = {isa = PBXFileReference; fileEncoding = 4; lastKnownFileType = sourcecode.c.objc; name = IBADelimitedTextFileReaderDelegate.m; path = Foundation/IBADelimitedTextFileReaderDelegate.m; sourceTree = SOURCE_ROOT; };
		A7D58C5F13792D960041BBEB /* IBAMath.h */ = {isa = PBXFileReference; fileEncoding = 4; lastKnownFileType = sourcecode.c.h; name = IBAMath.h; path = Foundation/IBAMath.h; sourceTree = SOURCE_ROOT; };
		A7FB6B5B137148DC0088C4CD /* IBACommon.h */ = {isa = PBXFileReference; fileEncoding = 4; lastKnownFileType = sourcecode.c.h; name = IBACommon.h; path = Foundation/IBACommon.h; sourceTree = SOURCE_ROOT; };
/* End PBXFileReference section */

/* Begin PBXFrameworksBuildPhase section */
		A7B4DAB61367991200543D61 /* Frameworks */ = {
			isa = PBXFrameworksBuildPhase;
			buildActionMask = 2147483647;
			files = (
				751C605B13B20E0800447BB4 /* CoreData.framework in Frameworks */,
				A7B4DB121367C65B00543D61 /* Security.framework in Frameworks */,
				A7B4DABD1367991200543D61 /* Foundation.framework in Frameworks */,
				A7C2FB9E13B3085C00F774CA /* MapKit.framework in Frameworks */,
				A7C2FB9F13B3086000F774CA /* CoreLocation.framework in Frameworks */,
				A7C2FBA013B3086400F774CA /* AddressBook.framework in Frameworks */,
				A7C2FBA113B3086800F774CA /* AddressBookUI.framework in Frameworks */,
				A7C2FBA213B3087200F774CA /* UIKit.framework in Frameworks */,
				A7C2FBA313B3087500F774CA /* QuartzCore.framework in Frameworks */,
				A7C2FBA413B3087900F774CA /* CoreGraphics.framework in Frameworks */,
			);
			runOnlyForDeploymentPostprocessing = 0;
		};
		A7B4DAC713679F5D00543D61 /* Frameworks */ = {
			isa = PBXFrameworksBuildPhase;
			buildActionMask = 2147483647;
			files = (
				A7C2FB9C13B3083500F774CA /* QuartzCore.framework in Frameworks */,
				A7966B4B139378FD00F1B1A1 /* MapKit.framework in Frameworks */,
				A7966B49139378EB00F1B1A1 /* CoreLocation.framework in Frameworks */,
				A7966B45139378CB00F1B1A1 /* AddressBook.framework in Frameworks */,
				A7966B46139378CB00F1B1A1 /* AddressBookUI.framework in Frameworks */,
				A7B4DB051367C3F700543D61 /* GHUnitIOS.framework in Frameworks */,
				A7B4DB031367C3EC00543D61 /* libIttyBittyBits.a in Frameworks */,
				A7B4DACD13679F5E00543D61 /* UIKit.framework in Frameworks */,
				A7B4DACE13679F5E00543D61 /* Foundation.framework in Frameworks */,
				A7B4DAD013679F5E00543D61 /* CoreGraphics.framework in Frameworks */,
				A7B4DB171367C70D00543D61 /* Security.framework in Frameworks */,
				A7C2FB9D13B3085800F774CA /* CoreData.framework in Frameworks */,
			);
			runOnlyForDeploymentPostprocessing = 0;
		};
/* End PBXFrameworksBuildPhase section */

/* Begin PBXGroup section */
		751C605413B1CB1B00447BB4 /* CoreData */ = {
			isa = PBXGroup;
			children = (
				751C605513B1CB1C00447BB4 /* IBACoreDataContextProvider.h */,
				751C605613B1CB1C00447BB4 /* IBACoreDataContextProvider.m */,
				751C606013B216E200447BB4 /* IBACoreData.h */,
			);
			path = CoreData;
			sourceTree = "<group>";
		};
		A706A6B7138100AD00429203 /* MapKit */ = {
			isa = PBXGroup;
			children = (
				A7286D6E1389D99A00C12FCB /* IBAExtendedPlacemark.h */,
				A7286D6F1389D99A00C12FCB /* IBAExtendedPlacemark.m */,
				A7B10AA51384987D00C8A672 /* IBAGeocoder.h */,
				A7B10AA61384987D00C8A672 /* IBAGeocoder.m */,
				A706A6B8138100D400429203 /* MKMapView+IBAAnnotations.h */,
				A706A6B9138100D400429203 /* MKMapView+IBAAnnotations.m */,
				A706A6BC138101AC00429203 /* IBAMapKit.h */,
				A7B10AC3138609F700C8A672 /* MKReverseGeocoder+IBABlocks.h */,
				A7B10AC4138609F700C8A672 /* MKReverseGeocoder+IBABlocks.m */,
				A701064213947B8000D9AB8B /* MKPlacemark+IBAFormattedAddress.h */,
				A701064313947B8000D9AB8B /* MKPlacemark+IBAFormattedAddress.m */,
			);
			path = MapKit;
			sourceTree = "<group>";
		};
		A791415C136FD5E200209C96 /* UIKit */ = {
			isa = PBXGroup;
			children = (
				A722FA42137B73730066CC1A /* IBAUIKit.h */,
				A774CADD13B2E0B3002B2FA1 /* IBAUIKit.m */,
				A722FA44137B77550066CC1A /* UIBarButtonItem+IBAFactories.h */,
				A722FA45137B77550066CC1A /* UIBarButtonItem+IBAFactories.m */,
				A722FA5D137B94D90066CC1A /* UIAlertView+IBAExtensions.h */,
				A722FA5E137B94D90066CC1A /* UIAlertView+IBAExtensions.m */,
				A706A6EB13821B8300429203 /* IBAActionSheet.h */,
				A706A6EC13821B8300429203 /* IBAActionSheet.m */,
				A7B10AC7138632E800C8A672 /* UISearchBar+IBAExtensions.h */,
				A7B10AC8138632E800C8A672 /* UISearchBar+IBAExtensions.m */,
				A7C0DBDD13B1705E00860296 /* UIView+IBAExtensions.h */,
				A7C0DBDE13B1705E00860296 /* UIView+IBAExtensions.m */,
				A774CAD813B2DD89002B2FA1 /* UIScrollView+IBAExtensions.h */,
				A774CAD913B2DD89002B2FA1 /* UIScrollView+IBAExtensions.m */,
				A7C2FB9613B3073F00F774CA /* IBAGradientButton.h */,
				A7C2FB9713B3073F00F774CA /* IBAGradientButton.m */,
			);
			path = UIKit;
			sourceTree = "<group>";
		};
		A79141621370DFE100209C96 /* Foundation */ = {
			isa = PBXGroup;
			children = (
				A791416F13713EF800209C96 /* IBADebugTests.h */,
				A791417013713EF800209C96 /* IBADebugTests.m */,
				A79141631370E01300209C96 /* IBALoggerTests.h */,
				A79141641370E01300209C96 /* IBALoggerTests.m */,
				A707FD7D13779BCB0029FA76 /* IBAInputStreamLineReaderTests.h */,
				A707FD7E13779BCB0029FA76 /* IBAInputStreamLineReaderTests.m */,
				A7656EB51377DF3C002FB968 /* IBADelimitedTextFileReaderTests.h */,
				A7656EB61377DF3C002FB968 /* IBADelimitedTextFileReaderTests.m */,
			);
			path = Foundation;
			sourceTree = "<group>";
		};
		A79602161373E41E00BA29E5 /* CoreGraphics */ = {
			isa = PBXGroup;
			children = (
				A796021B1373EAB000BA29E5 /* IBACoreGraphics.h */,
				A79602181373E46600BA29E5 /* IBARoundedRectPath.h */,
				A79602171373E46600BA29E5 /* IBARoundedRectPath.m */,
			);
			path = CoreGraphics;
			sourceTree = "<group>";
		};
		A7B10A78138496FC00C8A672 /* Third Party */ = {
			isa = PBXGroup;
			children = (
				A7B10AB31384E4F800C8A672 /* JSONKit */,
			);
			name = "Third Party";
			sourceTree = "<group>";
		};
		A7B10AB31384E4F800C8A672 /* JSONKit */ = {
			isa = PBXGroup;
			children = (
				A7B10AAF1384E4F500C8A672 /* JSONKit.h */,
				A7B10AB01384E4F500C8A672 /* JSONKit.m */,
			);
			name = JSONKit;
			sourceTree = "<group>";
		};
		A7B10ACB138652D300C8A672 /* CoreLocation */ = {
			isa = PBXGroup;
			children = (
				A7B10ACC138652F800C8A672 /* IBACoreLocation.h */,
			);
			path = CoreLocation;
			sourceTree = "<group>";
		};
		A7B4DAAE1367991100543D61 = {
			isa = PBXGroup;
			children = (
				A7C2168A13AB29100070DA6A /* Configuration */,
				A7B4DABE1367991200543D61 /* Src */,
				A7B4DAD113679F5E00543D61 /* Tests */,
				A7B10A78138496FC00C8A672 /* Third Party */,
				A7B4DABB1367991200543D61 /* Frameworks */,
				A7B4DABA1367991200543D61 /* Products */,
				A7B4DAB91367991200543D61 /* libIttyBittyBits.a */,
			);
			sourceTree = "<group>";
		};
		A7B4DABA1367991200543D61 /* Products */ = {
			isa = PBXGroup;
			children = (
				A7B4DACA13679F5D00543D61 /* IttyBittyBitsTests.app */,
			);
			name = Products;
			sourceTree = "<group>";
		};
		A7B4DABB1367991200543D61 /* Frameworks */ = {
			isa = PBXGroup;
			children = (
				751C605A13B20E0800447BB4 /* CoreData.framework */,
				A7966B4A139378FD00F1B1A1 /* MapKit.framework */,
				A7966B48139378EB00F1B1A1 /* CoreLocation.framework */,
				A7966B43139378CB00F1B1A1 /* AddressBook.framework */,
				A7966B44139378CB00F1B1A1 /* AddressBookUI.framework */,
				A7B4DB111367C65B00543D61 /* Security.framework */,
				A7B4DB041367C3F700543D61 /* GHUnitIOS.framework */,
				A7B4DABC1367991200543D61 /* Foundation.framework */,
				A7B4DACC13679F5E00543D61 /* UIKit.framework */,
				A7C2FB9B13B3083500F774CA /* QuartzCore.framework */,
				A7B4DACF13679F5E00543D61 /* CoreGraphics.framework */,
			);
			name = Frameworks;
			sourceTree = "<group>";
		};
		A7B4DABE1367991200543D61 /* Src */ = {
			isa = PBXGroup;
			children = (
				751C605413B1CB1B00447BB4 /* CoreData */,
				A7B10ACB138652D300C8A672 /* CoreLocation */,
				A79602161373E41E00BA29E5 /* CoreGraphics */,
				A7B4DAF31367BF8000543D61 /* Foundation */,
				A706A6B7138100AD00429203 /* MapKit */,
				A7B4DB081367C4DE00543D61 /* Security */,
				A7B4DABF1367991200543D61 /* Supporting Files */,
				A791415C136FD5E200209C96 /* UIKit */,
				A796020F1373D49300BA29E5 /* IttyBittyBits.h */,
			);
			name = Src;
			sourceTree = "<group>";
		};
		A7B4DABF1367991200543D61 /* Supporting Files */ = {
			isa = PBXGroup;
			children = (
				A7B4DAC01367991200543D61 /* IttyBittyBits-Prefix.pch */,
			);
			name = "Supporting Files";
			sourceTree = "<group>";
		};
		A7B4DAD113679F5E00543D61 /* Tests */ = {
			isa = PBXGroup;
			children = (
				A79141621370DFE100209C96 /* Foundation */,
				A7B4DAD213679F5E00543D61 /* Supporting Files */,
			);
			name = Tests;
			path = ../tests;
			sourceTree = "<group>";
		};
		A7B4DAD213679F5E00543D61 /* Supporting Files */ = {
			isa = PBXGroup;
			children = (
				A7B4DAD313679F5E00543D61 /* IttyBittyBitsTests-Info.plist */,
				A7B4DAD413679F5E00543D61 /* InfoPlist.strings */,
				A7B4DAD713679F5E00543D61 /* IttyBittyBitsTests-Prefix.pch */,
				A7B4DAD813679F5E00543D61 /* GHUnitIOSTestMain.m */,
			);
			name = "Supporting Files";
			sourceTree = "<group>";
		};
		A7B4DAF31367BF8000543D61 /* Foundation */ = {
			isa = PBXGroup;
			children = (
				A7FB6B5B137148DC0088C4CD /* IBACommon.h */,
				A7B4DB0D1367C5F900543D61 /* IBADebug.h */,
				A791416D1371370A00209C96 /* IBADebug.m */,
				A707FD72137761570029FA76 /* IBADelimitedTextFileReader.h */,
				A707FD73137761570029FA76 /* IBADelimitedTextFileReader.m */,
				A707FD77137776AB0029FA76 /* IBADelimitedTextFileReaderDelegate.h */,
				A7D58C5B1378DAE30041BBEB /* IBADelimitedTextFileReaderDelegate.m */,
				A79602121373D50700BA29E5 /* IBAFoundation.h */,
				A707FD7913777B280029FA76 /* IBAInputStreamLineReader.h */,
				A707FD7A13777B280029FA76 /* IBAInputStreamLineReader.m */,
				A791415E136FD62200209C96 /* IBALogger.h */,
				A791415F136FD62200209C96 /* IBALogger.m */,
				A7D58C5F13792D960041BBEB /* IBAMath.h */,
				A7C0DBF613B195A800860296 /* IBAMath.m */,
				A7B4DAF51367BFEB00543D61 /* IBASynthesizeSingleton.h */,
				A791416913711FC400209C96 /* IBATemporaryFile.h */,
				A791416A13711FC400209C96 /* IBATemporaryFile.m */,
				A7B109F7138387AC00C8A672 /* NSArray+IBASorting.h */,
				A7B109F8138387AC00C8A672 /* NSArray+IBASorting.m */,
				A7D58C571378CFA80041BBEB /* NSArray+IBAWhitespace.h */,
				A7D58C581378CFA90041BBEB /* NSArray+IBAWhitespace.m */,
				A7286D88138A1AFB00C12FCB /* NSMutableArray+IBASorting.h */,
				A7286D89138A1AFB00C12FCB /* NSMutableArray+IBASorting.m */,
				A7B69228137D13DD00E379F3 /* NSNumber+IBACompare.h */,
				A7B69229137D13E000E379F3 /* NSNumber+IBACompare.m */,
				A7D58C521378BF440041BBEB /* NSString+IBAWhitespace.h */,
				A7D58C531378BF440041BBEB /* NSString+IBAWhitespace.m */,
				75DA1E45138D413B0014C492 /* NSString+IBAURLEncoding.h */,
				75DA1E46138D413B0014C492 /* NSString+IBAURLEncoding.m */,
				A7014AF513718C0300BE32D2 /* NSTimer+IBABlocks.h */,
				A7014AF613718C0300BE32D2 /* NSTimer+IBABlocks.m */,
				A7B109F313837F4C00C8A672 /* NSDictionary+IBAExtensions.h */,
				A7B109F413837F4C00C8A672 /* NSDictionary+IBAExtensions.m */,
				A7B10AAD1384AB5F00C8A672 /* IBAPreProcessorMagic.h */,
			);
			path = Foundation;
			sourceTree = "<group>";
		};
		A7B4DB081367C4DE00543D61 /* Security */ = {
			isa = PBXGroup;
			children = (
				A7B4DB091367C52600543D61 /* IBAKeychainUtils.h */,
				A7B4DB0A1367C52600543D61 /* IBAKeychainUtils.m */,
				A79602141373D55800BA29E5 /* IBASecurity.h */,
			);
			path = Security;
			sourceTree = "<group>";
		};
		A7C2168A13AB29100070DA6A /* Configuration */ = {
			isa = PBXGroup;
			children = (
				A7C2168C13AB29D40070DA6A /* Shared.xcconfig */,
				A7C2168D13AB2BAC0070DA6A /* Debug.xcconfig */,
				A7C2168E13AB2BBC0070DA6A /* Release.xcconfig */,
				A7C2168F13AB2DC70070DA6A /* IttyBittyBits-Shared.xcconfig */,
				A7C2169013AB2DD90070DA6A /* IttyBittyBits-Debug.xcconfig */,
				A7C2169113AB2DE70070DA6A /* IttyBittyBits-Release.xcconfig */,
			);
			name = Configuration;
			path = ../config;
			sourceTree = "<group>";
		};
/* End PBXGroup section */

/* Begin PBXHeadersBuildPhase section */
		A7B4DAB71367991200543D61 /* Headers */ = {
			isa = PBXHeadersBuildPhase;
			buildActionMask = 2147483647;
			files = (
				A7B4DAF71367BFEB00543D61 /* IBASynthesizeSingleton.h in Headers */,
				A7B4DB0B1367C52600543D61 /* IBAKeychainUtils.h in Headers */,
				A7B4DB0F1367C5F900543D61 /* IBADebug.h in Headers */,
				A7914160136FD62200209C96 /* IBALogger.h in Headers */,
				A791416B13711FC400209C96 /* IBATemporaryFile.h in Headers */,
				A7FB6B5C137148DC0088C4CD /* IBACommon.h in Headers */,
				A7014AF713718C0300BE32D2 /* NSTimer+IBABlocks.h in Headers */,
				A79602101373D49300BA29E5 /* IttyBittyBits.h in Headers */,
				A79602131373D50700BA29E5 /* IBAFoundation.h in Headers */,
				A79602151373D55800BA29E5 /* IBASecurity.h in Headers */,
				A796021A1373E46600BA29E5 /* IBARoundedRectPath.h in Headers */,
				A796021C1373EAB000BA29E5 /* IBACoreGraphics.h in Headers */,
				A707FD74137761570029FA76 /* IBADelimitedTextFileReader.h in Headers */,
				A707FD78137776AB0029FA76 /* IBADelimitedTextFileReaderDelegate.h in Headers */,
				A707FD7B13777B280029FA76 /* IBAInputStreamLineReader.h in Headers */,
				A7D58C541378BF440041BBEB /* NSString+IBAWhitespace.h in Headers */,
				A7D58C591378CFAA0041BBEB /* NSArray+IBAWhitespace.h in Headers */,
				A7D58C6013792D970041BBEB /* IBAMath.h in Headers */,
				A722FA43137B73730066CC1A /* IBAUIKit.h in Headers */,
				A722FA46137B77550066CC1A /* UIBarButtonItem+IBAFactories.h in Headers */,
				A722FA5F137B94D90066CC1A /* UIAlertView+IBAExtensions.h in Headers */,
				A7B6922A137D13E200E379F3 /* NSNumber+IBACompare.h in Headers */,
				A706A6BA138100D400429203 /* MKMapView+IBAAnnotations.h in Headers */,
				A706A6BD138101AD00429203 /* IBAMapKit.h in Headers */,
				A706A6ED13821B8300429203 /* IBAActionSheet.h in Headers */,
				A7B109F513837F4C00C8A672 /* NSDictionary+IBAExtensions.h in Headers */,
				A7B109F9138387AC00C8A672 /* NSArray+IBASorting.h in Headers */,
				A7B10AA71384987D00C8A672 /* IBAGeocoder.h in Headers */,
				A7B10AAE1384AB5F00C8A672 /* IBAPreProcessorMagic.h in Headers */,
				A7B10AB11384E4F500C8A672 /* JSONKit.h in Headers */,
				A7B10AC5138609F700C8A672 /* MKReverseGeocoder+IBABlocks.h in Headers */,
				A7B10AC9138632E800C8A672 /* UISearchBar+IBAExtensions.h in Headers */,
				A7B10ACD138652F800C8A672 /* IBACoreLocation.h in Headers */,
				A7286D701389D99A00C12FCB /* IBAExtendedPlacemark.h in Headers */,
				A7286D8A138A1AFB00C12FCB /* NSMutableArray+IBASorting.h in Headers */,
				75DA1E47138D413B0014C492 /* NSString+IBAURLEncoding.h in Headers */,
				A701064413947B8000D9AB8B /* MKPlacemark+IBAFormattedAddress.h in Headers */,
				A7C0DBDF13B1705E00860296 /* UIView+IBAExtensions.h in Headers */,
				751C605713B1CB1C00447BB4 /* IBACoreDataContextProvider.h in Headers */,
				751C606113B216E200447BB4 /* IBACoreData.h in Headers */,
				A774CADA13B2DD89002B2FA1 /* UIScrollView+IBAExtensions.h in Headers */,
				A7C2FB9813B3073F00F774CA /* IBAGradientButton.h in Headers */,
			);
			runOnlyForDeploymentPostprocessing = 0;
		};
/* End PBXHeadersBuildPhase section */

/* Begin PBXNativeTarget section */
		A7B4DAB81367991200543D61 /* IttyBittyBits */ = {
			isa = PBXNativeTarget;
			buildConfigurationList = A7B4DAC31367991200543D61 /* Build configuration list for PBXNativeTarget "IttyBittyBits" */;
			buildPhases = (
				A7B4DAB51367991200543D61 /* Sources */,
				A7B4DAB61367991200543D61 /* Frameworks */,
				A7B4DAB71367991200543D61 /* Headers */,
			);
			buildRules = (
			);
			dependencies = (
			);
			name = IttyBittyBits;
			productName = IttyBittyBits;
			productReference = A7B4DAB91367991200543D61 /* libIttyBittyBits.a */;
			productType = "com.apple.product-type.library.static";
		};
		A7B4DAC913679F5D00543D61 /* IttyBittyBitsTests */ = {
			isa = PBXNativeTarget;
			buildConfigurationList = A7B4DAE613679F5E00543D61 /* Build configuration list for PBXNativeTarget "IttyBittyBitsTests" */;
			buildPhases = (
				A7B4DAC613679F5D00543D61 /* Sources */,
				A7B4DAC713679F5D00543D61 /* Frameworks */,
				A7B4DAC813679F5D00543D61 /* Resources */,
			);
			buildRules = (
			);
			dependencies = (
				A7B4DB071367C40C00543D61 /* PBXTargetDependency */,
			);
			name = IttyBittyBitsTests;
			productName = IttyBittyBitsTests;
			productReference = A7B4DACA13679F5D00543D61 /* IttyBittyBitsTests.app */;
			productType = "com.apple.product-type.application";
		};
/* End PBXNativeTarget section */

/* Begin PBXProject section */
		A7B4DAB01367991100543D61 /* Project object */ = {
			isa = PBXProject;
			attributes = {
				ORGANIZATIONNAME = "Itty Bitty Apps Pty. Ltd.";
			};
			buildConfigurationList = A7B4DAB31367991100543D61 /* Build configuration list for PBXProject "IttyBittyBits" */;
			compatibilityVersion = "Xcode 3.2";
			developmentRegion = English;
			hasScannedForEncodings = 0;
			knownRegions = (
				en,
			);
			mainGroup = A7B4DAAE1367991100543D61;
			productRefGroup = A7B4DABA1367991200543D61 /* Products */;
			projectDirPath = "";
			projectRoot = "";
			targets = (
				A7B4DAB81367991200543D61 /* IttyBittyBits */,
				A7B4DAC913679F5D00543D61 /* IttyBittyBitsTests */,
			);
		};
/* End PBXProject section */

/* Begin PBXResourcesBuildPhase section */
		A7B4DAC813679F5D00543D61 /* Resources */ = {
			isa = PBXResourcesBuildPhase;
			buildActionMask = 2147483647;
			files = (
				A7B4DAD613679F5E00543D61 /* InfoPlist.strings in Resources */,
			);
			runOnlyForDeploymentPostprocessing = 0;
		};
/* End PBXResourcesBuildPhase section */

/* Begin PBXSourcesBuildPhase section */
		A7B4DAB51367991200543D61 /* Sources */ = {
			isa = PBXSourcesBuildPhase;
			buildActionMask = 2147483647;
			files = (
				A7B4DB0C1367C52600543D61 /* IBAKeychainUtils.m in Sources */,
				A7914161136FD62200209C96 /* IBALogger.m in Sources */,
				A791416C13711FC400209C96 /* IBATemporaryFile.m in Sources */,
				A791416E1371370A00209C96 /* IBADebug.m in Sources */,
				A7014AF813718C0300BE32D2 /* NSTimer+IBABlocks.m in Sources */,
				A79602191373E46600BA29E5 /* IBARoundedRectPath.m in Sources */,
				A707FD75137761570029FA76 /* IBADelimitedTextFileReader.m in Sources */,
				A707FD7C13777B280029FA76 /* IBAInputStreamLineReader.m in Sources */,
				A7D58C551378BF440041BBEB /* NSString+IBAWhitespace.m in Sources */,
				A7D58C5A1378CFAA0041BBEB /* NSArray+IBAWhitespace.m in Sources */,
				A7D58C5C1378DAE40041BBEB /* IBADelimitedTextFileReaderDelegate.m in Sources */,
				A722FA47137B77550066CC1A /* UIBarButtonItem+IBAFactories.m in Sources */,
				A722FA60137B94D90066CC1A /* UIAlertView+IBAExtensions.m in Sources */,
				A7B6922B137D13E200E379F3 /* NSNumber+IBACompare.m in Sources */,
				A706A6BB138100D400429203 /* MKMapView+IBAAnnotations.m in Sources */,
				A706A6EE13821B8300429203 /* IBAActionSheet.m in Sources */,
				A7B109F613837F4C00C8A672 /* NSDictionary+IBAExtensions.m in Sources */,
				A7B109FA138387AC00C8A672 /* NSArray+IBASorting.m in Sources */,
				A7B10AA81384987D00C8A672 /* IBAGeocoder.m in Sources */,
				A7B10AB21384E4F500C8A672 /* JSONKit.m in Sources */,
				A7B10AC6138609F800C8A672 /* MKReverseGeocoder+IBABlocks.m in Sources */,
				A7B10ACA138632E800C8A672 /* UISearchBar+IBAExtensions.m in Sources */,
				A7286D711389D99A00C12FCB /* IBAExtendedPlacemark.m in Sources */,
				A7286D8B138A1AFB00C12FCB /* NSMutableArray+IBASorting.m in Sources */,
				75DA1E48138D413B0014C492 /* NSString+IBAURLEncoding.m in Sources */,
				A701064513947B8000D9AB8B /* MKPlacemark+IBAFormattedAddress.m in Sources */,
				A7C0DBE013B1705E00860296 /* UIView+IBAExtensions.m in Sources */,
				A7C0DBF713B195A800860296 /* IBAMath.m in Sources */,
				751C605813B1CB1C00447BB4 /* IBACoreDataContextProvider.m in Sources */,
				A774CADB13B2DD89002B2FA1 /* UIScrollView+IBAExtensions.m in Sources */,
				A774CADE13B2E0B3002B2FA1 /* IBAUIKit.m in Sources */,
				A7C2FB9913B3073F00F774CA /* IBAGradientButton.m in Sources */,
			);
			runOnlyForDeploymentPostprocessing = 0;
		};
		A7B4DAC613679F5D00543D61 /* Sources */ = {
			isa = PBXSourcesBuildPhase;
			buildActionMask = 2147483647;
			files = (
				A7B4DAD913679F5E00543D61 /* GHUnitIOSTestMain.m in Sources */,
				A79141671370E2EC00209C96 /* IBALoggerTests.m in Sources */,
				A791417313713F2000209C96 /* IBADebugTests.m in Sources */,
				A707FD8113779BFD0029FA76 /* IBAInputStreamLineReaderTests.m in Sources */,
				A7656EB91377DF50002FB968 /* IBADelimitedTextFileReaderTests.m in Sources */,
				75DA1E49138D413B0014C492 /* NSString+IBAURLEncoding.m in Sources */,
			);
			runOnlyForDeploymentPostprocessing = 0;
		};
/* End PBXSourcesBuildPhase section */

/* Begin PBXTargetDependency section */
		A7B4DB071367C40C00543D61 /* PBXTargetDependency */ = {
			isa = PBXTargetDependency;
			target = A7B4DAB81367991200543D61 /* IttyBittyBits */;
			targetProxy = A7B4DB061367C40C00543D61 /* PBXContainerItemProxy */;
		};
/* End PBXTargetDependency section */

/* Begin PBXVariantGroup section */
		A7B4DAD413679F5E00543D61 /* InfoPlist.strings */ = {
			isa = PBXVariantGroup;
			children = (
				A7B4DAD513679F5E00543D61 /* en */,
			);
			name = InfoPlist.strings;
			sourceTree = "<group>";
		};
/* End PBXVariantGroup section */

/* Begin XCBuildConfiguration section */
		A7B4DAC11367991200543D61 /* Debug */ = {
			isa = XCBuildConfiguration;
			baseConfigurationReference = A7C2168D13AB2BAC0070DA6A /* Debug.xcconfig */;
			buildSettings = {
			};
			name = Debug;
		};
		A7B4DAC21367991200543D61 /* Release */ = {
			isa = XCBuildConfiguration;
			baseConfigurationReference = A7C2168E13AB2BBC0070DA6A /* Release.xcconfig */;
			buildSettings = {
			};
			name = Release;
		};
		A7B4DAC41367991200543D61 /* Debug */ = {
			isa = XCBuildConfiguration;
			baseConfigurationReference = A7C2169013AB2DD90070DA6A /* IttyBittyBits-Debug.xcconfig */;
			buildSettings = {
			};
			name = Debug;
		};
		A7B4DAC51367991200543D61 /* Release */ = {
			isa = XCBuildConfiguration;
			baseConfigurationReference = A7C2169113AB2DE70070DA6A /* IttyBittyBits-Release.xcconfig */;
			buildSettings = {
			};
			name = Release;
		};
		A7B4DAE713679F5E00543D61 /* Debug */ = {
			isa = XCBuildConfiguration;
			buildSettings = {
				ALWAYS_SEARCH_USER_PATHS = NO;
				"CODE_SIGN_IDENTITY[sdk=iphoneos*]" = "iPhone Developer";
				COPY_PHASE_STRIP = NO;
				FRAMEWORK_SEARCH_PATHS = (
					"$(inherited)",
					"\"$(SRCROOT)/../lib/gh-unit\"",
				);
				GCC_DYNAMIC_NO_PIC = NO;
				GCC_PRECOMPILE_PREFIX_HEADER = YES;
				GCC_PREFIX_HEADER = "../tests/IttyBittyBitsTests-Prefix.pch";
				INFOPLIST_FILE = "../tests/IttyBittyBitsTests-Info.plist";
				OTHER_LDFLAGS = (
					"-ObjC",
					"-all_load",
				);
				PRODUCT_NAME = "$(TARGET_NAME)";
				WRAPPER_EXTENSION = app;
			};
			name = Debug;
		};
		A7B4DAE813679F5E00543D61 /* Release */ = {
			isa = XCBuildConfiguration;
			buildSettings = {
				ALWAYS_SEARCH_USER_PATHS = NO;
				"CODE_SIGN_IDENTITY[sdk=iphoneos*]" = "iPhone Developer";
				COPY_PHASE_STRIP = YES;
				FRAMEWORK_SEARCH_PATHS = (
					"$(inherited)",
					"\"$(SRCROOT)/../lib/gh-unit\"",
				);
				GCC_PRECOMPILE_PREFIX_HEADER = YES;
				GCC_PREFIX_HEADER = "../tests/IttyBittyBitsTests-Prefix.pch";
				INFOPLIST_FILE = "../tests/IttyBittyBitsTests-Info.plist";
				OTHER_CFLAGS = "-DNS_BLOCK_ASSERTIONS=1";
				OTHER_LDFLAGS = (
					"-ObjC",
					"-all_load",
				);
				PRODUCT_NAME = "$(TARGET_NAME)";
				VALIDATE_PRODUCT = YES;
				WRAPPER_EXTENSION = app;
			};
			name = Release;
		};
/* End XCBuildConfiguration section */

/* Begin XCConfigurationList section */
		A7B4DAB31367991100543D61 /* Build configuration list for PBXProject "IttyBittyBits" */ = {
			isa = XCConfigurationList;
			buildConfigurations = (
				A7B4DAC11367991200543D61 /* Debug */,
				A7B4DAC21367991200543D61 /* Release */,
			);
			defaultConfigurationIsVisible = 0;
			defaultConfigurationName = Release;
		};
		A7B4DAC31367991200543D61 /* Build configuration list for PBXNativeTarget "IttyBittyBits" */ = {
			isa = XCConfigurationList;
			buildConfigurations = (
				A7B4DAC41367991200543D61 /* Debug */,
				A7B4DAC51367991200543D61 /* Release */,
			);
			defaultConfigurationIsVisible = 0;
			defaultConfigurationName = Release;
		};
		A7B4DAE613679F5E00543D61 /* Build configuration list for PBXNativeTarget "IttyBittyBitsTests" */ = {
			isa = XCConfigurationList;
			buildConfigurations = (
				A7B4DAE713679F5E00543D61 /* Debug */,
				A7B4DAE813679F5E00543D61 /* Release */,
			);
			defaultConfigurationIsVisible = 0;
			defaultConfigurationName = Release;
		};
/* End XCConfigurationList section */
	};
	rootObject = A7B4DAB01367991100543D61 /* Project object */;
}
