// !$*UTF8*$!
{
	archiveVersion = 1;
	classes = {
	};
	objectVersion = 46;
	objects = {

/* Begin PBXBuildFile section */
		A7B4DABD1367991200543D61 /* Foundation.framework in Frameworks */ = {isa = PBXBuildFile; fileRef = A7B4DABC1367991200543D61 /* Foundation.framework */; };
		A7B4DACD13679F5E00543D61 /* UIKit.framework in Frameworks */ = {isa = PBXBuildFile; fileRef = A7B4DACC13679F5E00543D61 /* UIKit.framework */; };
		A7B4DACE13679F5E00543D61 /* Foundation.framework in Frameworks */ = {isa = PBXBuildFile; fileRef = A7B4DABC1367991200543D61 /* Foundation.framework */; };
		A7B4DAD013679F5E00543D61 /* CoreGraphics.framework in Frameworks */ = {isa = PBXBuildFile; fileRef = A7B4DACF13679F5E00543D61 /* CoreGraphics.framework */; };
		A7B4DAD613679F5E00543D61 /* InfoPlist.strings in Resources */ = {isa = PBXBuildFile; fileRef = A7B4DAD413679F5E00543D61 /* InfoPlist.strings */; };
		A7B4DAD913679F5E00543D61 /* GHUnitIOSTestMain.m in Sources */ = {isa = PBXBuildFile; fileRef = A7B4DAD813679F5E00543D61 /* GHUnitIOSTestMain.m */; };
		A7B4DAF71367BFEB00543D61 /* IBASynthesizeSingleton.h in Headers */ = {isa = PBXBuildFile; fileRef = A7B4DAF51367BFEB00543D61 /* IBASynthesizeSingleton.h */; };
		A7B4DB031367C3EC00543D61 /* libIttyBittyBits.a in Frameworks */ = {isa = PBXBuildFile; fileRef = A7B4DAB91367991200543D61 /* libIttyBittyBits.a */; };
		A7B4DB051367C3F700543D61 /* GHUnitIOS.framework in Frameworks */ = {isa = PBXBuildFile; fileRef = A7B4DB041367C3F700543D61 /* GHUnitIOS.framework */; };
		A7B4DB0B1367C52600543D61 /* IBAKeychainUtils.h in Headers */ = {isa = PBXBuildFile; fileRef = A7B4DB091367C52600543D61 /* IBAKeychainUtils.h */; };
		A7B4DB0C1367C52600543D61 /* IBAKeychainUtils.m in Sources */ = {isa = PBXBuildFile; fileRef = A7B4DB0A1367C52600543D61 /* IBAKeychainUtils.m */; };
		A7B4DB0F1367C5F900543D61 /* IBADebug.h in Headers */ = {isa = PBXBuildFile; fileRef = A7B4DB0D1367C5F900543D61 /* IBADebug.h */; };
		A7B4DB101367C5F900543D61 /* IBADebug.m in Sources */ = {isa = PBXBuildFile; fileRef = A7B4DB0E1367C5F900543D61 /* IBADebug.m */; };
		A7B4DB121367C65B00543D61 /* Security.framework in Frameworks */ = {isa = PBXBuildFile; fileRef = A7B4DB111367C65B00543D61 /* Security.framework */; };
		A7B4DB171367C70D00543D61 /* Security.framework in Frameworks */ = {isa = PBXBuildFile; fileRef = A7B4DB111367C65B00543D61 /* Security.framework */; };
/* End PBXBuildFile section */

/* Begin PBXContainerItemProxy section */
		A7B4DB061367C40C00543D61 /* PBXContainerItemProxy */ = {
			isa = PBXContainerItemProxy;
			containerPortal = A7B4DAB01367991100543D61 /* Project object */;
			proxyType = 1;
			remoteGlobalIDString = A7B4DAB81367991200543D61;
			remoteInfo = IttyBittyBits;
		};
/* End PBXContainerItemProxy section */

/* Begin PBXFileReference section */
		A7B4DAB91367991200543D61 /* libIttyBittyBits.a */ = {isa = PBXFileReference; explicitFileType = archive.ar; includeInIndex = 0; path = libIttyBittyBits.a; sourceTree = BUILT_PRODUCTS_DIR; };
		A7B4DABC1367991200543D61 /* Foundation.framework */ = {isa = PBXFileReference; lastKnownFileType = wrapper.framework; name = Foundation.framework; path = System/Library/Frameworks/Foundation.framework; sourceTree = SDKROOT; };
		A7B4DAC01367991200543D61 /* IttyBittyBits-Prefix.pch */ = {isa = PBXFileReference; lastKnownFileType = sourcecode.c.h; path = "IttyBittyBits-Prefix.pch"; sourceTree = "<group>"; };
		A7B4DACA13679F5D00543D61 /* IttyBittyBitsTests.app */ = {isa = PBXFileReference; explicitFileType = wrapper.application; includeInIndex = 0; path = IttyBittyBitsTests.app; sourceTree = BUILT_PRODUCTS_DIR; };
		A7B4DACC13679F5E00543D61 /* UIKit.framework */ = {isa = PBXFileReference; lastKnownFileType = wrapper.framework; name = UIKit.framework; path = System/Library/Frameworks/UIKit.framework; sourceTree = SDKROOT; };
		A7B4DACF13679F5E00543D61 /* CoreGraphics.framework */ = {isa = PBXFileReference; lastKnownFileType = wrapper.framework; name = CoreGraphics.framework; path = System/Library/Frameworks/CoreGraphics.framework; sourceTree = SDKROOT; };
		A7B4DAD313679F5E00543D61 /* IttyBittyBitsTests-Info.plist */ = {isa = PBXFileReference; lastKnownFileType = text.plist.xml; path = "IttyBittyBitsTests-Info.plist"; sourceTree = "<group>"; };
		A7B4DAD513679F5E00543D61 /* en */ = {isa = PBXFileReference; lastKnownFileType = text.plist.strings; name = en; path = en.lproj/InfoPlist.strings; sourceTree = "<group>"; };
		A7B4DAD713679F5E00543D61 /* IttyBittyBitsTests-Prefix.pch */ = {isa = PBXFileReference; lastKnownFileType = sourcecode.c.h; path = "IttyBittyBitsTests-Prefix.pch"; sourceTree = "<group>"; };
		A7B4DAD813679F5E00543D61 /* GHUnitIOSTestMain.m */ = {isa = PBXFileReference; lastKnownFileType = sourcecode.c.objc; path = GHUnitIOSTestMain.m; sourceTree = "<group>"; };
		A7B4DAF51367BFEB00543D61 /* IBASynthesizeSingleton.h */ = {isa = PBXFileReference; fileEncoding = 4; lastKnownFileType = sourcecode.c.h; path = IBASynthesizeSingleton.h; sourceTree = "<group>"; };
		A7B4DB041367C3F700543D61 /* GHUnitIOS.framework */ = {isa = PBXFileReference; lastKnownFileType = wrapper.framework; name = GHUnitIOS.framework; path = "../lib/gh-unit/GHUnitIOS.framework"; sourceTree = "<group>"; };
		A7B4DB091367C52600543D61 /* IBAKeychainUtils.h */ = {isa = PBXFileReference; fileEncoding = 4; lastKnownFileType = sourcecode.c.h; name = IBAKeychainUtils.h; path = Security/IBAKeychainUtils.h; sourceTree = SOURCE_ROOT; };
		A7B4DB0A1367C52600543D61 /* IBAKeychainUtils.m */ = {isa = PBXFileReference; fileEncoding = 4; lastKnownFileType = sourcecode.c.objc; name = IBAKeychainUtils.m; path = Security/IBAKeychainUtils.m; sourceTree = SOURCE_ROOT; };
		A7B4DB0D1367C5F900543D61 /* IBADebug.h */ = {isa = PBXFileReference; fileEncoding = 4; lastKnownFileType = sourcecode.c.h; name = IBADebug.h; path = Foundation/IBADebug.h; sourceTree = SOURCE_ROOT; };
		A7B4DB0E1367C5F900543D61 /* IBADebug.m */ = {isa = PBXFileReference; fileEncoding = 4; lastKnownFileType = sourcecode.c.objc; name = IBADebug.m; path = Foundation/IBADebug.m; sourceTree = SOURCE_ROOT; };
		A7B4DB111367C65B00543D61 /* Security.framework */ = {isa = PBXFileReference; lastKnownFileType = wrapper.framework; name = Security.framework; path = System/Library/Frameworks/Security.framework; sourceTree = SDKROOT; };
/* End PBXFileReference section */

/* Begin PBXFrameworksBuildPhase section */
		A7B4DAB61367991200543D61 /* Frameworks */ = {
			isa = PBXFrameworksBuildPhase;
			buildActionMask = 2147483647;
			files = (
				A7B4DB121367C65B00543D61 /* Security.framework in Frameworks */,
				A7B4DABD1367991200543D61 /* Foundation.framework in Frameworks */,
			);
			runOnlyForDeploymentPostprocessing = 0;
		};
		A7B4DAC713679F5D00543D61 /* Frameworks */ = {
			isa = PBXFrameworksBuildPhase;
			buildActionMask = 2147483647;
			files = (
				A7B4DB051367C3F700543D61 /* GHUnitIOS.framework in Frameworks */,
				A7B4DB031367C3EC00543D61 /* libIttyBittyBits.a in Frameworks */,
				A7B4DACD13679F5E00543D61 /* UIKit.framework in Frameworks */,
				A7B4DACE13679F5E00543D61 /* Foundation.framework in Frameworks */,
				A7B4DAD013679F5E00543D61 /* CoreGraphics.framework in Frameworks */,
				A7B4DB171367C70D00543D61 /* Security.framework in Frameworks */,
			);
			runOnlyForDeploymentPostprocessing = 0;
		};
/* End PBXFrameworksBuildPhase section */

/* Begin PBXGroup section */
		A7B4DAAE1367991100543D61 = {
			isa = PBXGroup;
			children = (
				A7B4DABE1367991200543D61 /* Src */,
				A7B4DAD113679F5E00543D61 /* Tests */,
				A7B4DABB1367991200543D61 /* Frameworks */,
				A7B4DABA1367991200543D61 /* Products */,
			);
			sourceTree = "<group>";
		};
		A7B4DABA1367991200543D61 /* Products */ = {
			isa = PBXGroup;
			children = (
				A7B4DACA13679F5D00543D61 /* IttyBittyBitsTests.app */,
			);
			name = Products;
			sourceTree = "<group>";
		};
		A7B4DABB1367991200543D61 /* Frameworks */ = {
			isa = PBXGroup;
			children = (
				A7B4DB111367C65B00543D61 /* Security.framework */,
				A7B4DAB91367991200543D61 /* libIttyBittyBits.a */,
				A7B4DB041367C3F700543D61 /* GHUnitIOS.framework */,
				A7B4DABC1367991200543D61 /* Foundation.framework */,
				A7B4DACC13679F5E00543D61 /* UIKit.framework */,
				A7B4DACF13679F5E00543D61 /* CoreGraphics.framework */,
			);
			name = Frameworks;
			sourceTree = "<group>";
		};
		A7B4DABE1367991200543D61 /* Src */ = {
			isa = PBXGroup;
			children = (
				A7B4DAF31367BF8000543D61 /* Foundation */,
				A7B4DB081367C4DE00543D61 /* Security */,
				A7B4DABF1367991200543D61 /* Supporting Files */,
			);
			name = Src;
			path = IttyBittyBits;
			sourceTree = "<group>";
		};
		A7B4DABF1367991200543D61 /* Supporting Files */ = {
			isa = PBXGroup;
			children = (
				A7B4DAC01367991200543D61 /* IttyBittyBits-Prefix.pch */,
			);
			name = "Supporting Files";
			sourceTree = "<group>";
		};
		A7B4DAD113679F5E00543D61 /* Tests */ = {
			isa = PBXGroup;
			children = (
				A7B4DAD213679F5E00543D61 /* Supporting Files */,
			);
			name = Tests;
			path = ../tests;
			sourceTree = "<group>";
		};
		A7B4DAD213679F5E00543D61 /* Supporting Files */ = {
			isa = PBXGroup;
			children = (
				A7B4DAD313679F5E00543D61 /* IttyBittyBitsTests-Info.plist */,
				A7B4DAD413679F5E00543D61 /* InfoPlist.strings */,
				A7B4DAD713679F5E00543D61 /* IttyBittyBitsTests-Prefix.pch */,
				A7B4DAD813679F5E00543D61 /* GHUnitIOSTestMain.m */,
			);
			name = "Supporting Files";
			sourceTree = "<group>";
		};
		A7B4DAF31367BF8000543D61 /* Foundation */ = {
			isa = PBXGroup;
			children = (
				A7B4DAF51367BFEB00543D61 /* IBASynthesizeSingleton.h */,
				A7B4DB0D1367C5F900543D61 /* IBADebug.h */,
				A7B4DB0E1367C5F900543D61 /* IBADebug.m */,
			);
			path = Foundation;
			sourceTree = "<group>";
		};
		A7B4DB081367C4DE00543D61 /* Security */ = {
			isa = PBXGroup;
			children = (
				A7B4DB091367C52600543D61 /* IBAKeychainUtils.h */,
				A7B4DB0A1367C52600543D61 /* IBAKeychainUtils.m */,
			);
			path = Security;
			sourceTree = "<group>";
		};
/* End PBXGroup section */

/* Begin PBXHeadersBuildPhase section */
		A7B4DAB71367991200543D61 /* Headers */ = {
			isa = PBXHeadersBuildPhase;
			buildActionMask = 2147483647;
			files = (
				A7B4DAF71367BFEB00543D61 /* IBASynthesizeSingleton.h in Headers */,
				A7B4DB0B1367C52600543D61 /* IBAKeychainUtils.h in Headers */,
				A7B4DB0F1367C5F900543D61 /* IBADebug.h in Headers */,
			);
			runOnlyForDeploymentPostprocessing = 0;
		};
/* End PBXHeadersBuildPhase section */

/* Begin PBXNativeTarget section */
		A7B4DAB81367991200543D61 /* IttyBittyBits */ = {
			isa = PBXNativeTarget;
			buildConfigurationList = A7B4DAC31367991200543D61 /* Build configuration list for PBXNativeTarget "IttyBittyBits" */;
			buildPhases = (
				A7B4DAB51367991200543D61 /* Sources */,
				A7B4DAB61367991200543D61 /* Frameworks */,
				A7B4DAB71367991200543D61 /* Headers */,
			);
			buildRules = (
			);
			dependencies = (
			);
			name = IttyBittyBits;
			productName = IttyBittyBits;
			productReference = A7B4DAB91367991200543D61 /* libIttyBittyBits.a */;
			productType = "com.apple.product-type.library.static";
		};
		A7B4DAC913679F5D00543D61 /* IttyBittyBitsTests */ = {
			isa = PBXNativeTarget;
			buildConfigurationList = A7B4DAE613679F5E00543D61 /* Build configuration list for PBXNativeTarget "IttyBittyBitsTests" */;
			buildPhases = (
				A7B4DAC613679F5D00543D61 /* Sources */,
				A7B4DAC713679F5D00543D61 /* Frameworks */,
				A7B4DAC813679F5D00543D61 /* Resources */,
			);
			buildRules = (
			);
			dependencies = (
				A7B4DB071367C40C00543D61 /* PBXTargetDependency */,
			);
			name = IttyBittyBitsTests;
			productName = IttyBittyBitsTests;
			productReference = A7B4DACA13679F5D00543D61 /* IttyBittyBitsTests.app */;
			productType = "com.apple.product-type.application";
		};
/* End PBXNativeTarget section */

/* Begin PBXProject section */
		A7B4DAB01367991100543D61 /* Project object */ = {
			isa = PBXProject;
			attributes = {
				ORGANIZATIONNAME = "Itty Bitty Apps Pty. Ltd.";
			};
			buildConfigurationList = A7B4DAB31367991100543D61 /* Build configuration list for PBXProject "IttyBittyBits" */;
			compatibilityVersion = "Xcode 3.2";
			developmentRegion = English;
			hasScannedForEncodings = 0;
			knownRegions = (
				en,
			);
			mainGroup = A7B4DAAE1367991100543D61;
			productRefGroup = A7B4DABA1367991200543D61 /* Products */;
			projectDirPath = "";
			projectRoot = "";
			targets = (
				A7B4DAB81367991200543D61 /* IttyBittyBits */,
				A7B4DAC913679F5D00543D61 /* IttyBittyBitsTests */,
			);
		};
/* End PBXProject section */

/* Begin PBXResourcesBuildPhase section */
		A7B4DAC813679F5D00543D61 /* Resources */ = {
			isa = PBXResourcesBuildPhase;
			buildActionMask = 2147483647;
			files = (
				A7B4DAD613679F5E00543D61 /* InfoPlist.strings in Resources */,
			);
			runOnlyForDeploymentPostprocessing = 0;
		};
/* End PBXResourcesBuildPhase section */

/* Begin PBXSourcesBuildPhase section */
		A7B4DAB51367991200543D61 /* Sources */ = {
			isa = PBXSourcesBuildPhase;
			buildActionMask = 2147483647;
			files = (
				A7B4DB0C1367C52600543D61 /* IBAKeychainUtils.m in Sources */,
				A7B4DB101367C5F900543D61 /* IBADebug.m in Sources */,
			);
			runOnlyForDeploymentPostprocessing = 0;
		};
		A7B4DAC613679F5D00543D61 /* Sources */ = {
			isa = PBXSourcesBuildPhase;
			buildActionMask = 2147483647;
			files = (
				A7B4DAD913679F5E00543D61 /* GHUnitIOSTestMain.m in Sources */,
			);
			runOnlyForDeploymentPostprocessing = 0;
		};
/* End PBXSourcesBuildPhase section */

/* Begin PBXTargetDependency section */
		A7B4DB071367C40C00543D61 /* PBXTargetDependency */ = {
			isa = PBXTargetDependency;
			target = A7B4DAB81367991200543D61 /* IttyBittyBits */;
			targetProxy = A7B4DB061367C40C00543D61 /* PBXContainerItemProxy */;
		};
/* End PBXTargetDependency section */

/* Begin PBXVariantGroup section */
		A7B4DAD413679F5E00543D61 /* InfoPlist.strings */ = {
			isa = PBXVariantGroup;
			children = (
				A7B4DAD513679F5E00543D61 /* en */,
			);
			name = InfoPlist.strings;
			sourceTree = "<group>";
		};
/* End PBXVariantGroup section */

/* Begin XCBuildConfiguration section */
		A7B4DAC11367991200543D61 /* Debug */ = {
			isa = XCBuildConfiguration;
			buildSettings = {
				ARCHS = "$(ARCHS_STANDARD_32_BIT)";
				GCC_C_LANGUAGE_STANDARD = gnu99;
				GCC_OPTIMIZATION_LEVEL = 0;
				GCC_PREPROCESSOR_DEFINITIONS = DEBUG;
				GCC_SYMBOLS_PRIVATE_EXTERN = NO;
				GCC_VERSION = com.apple.compilers.llvmgcc42;
				GCC_WARN_ABOUT_RETURN_TYPE = YES;
				GCC_WARN_UNUSED_VARIABLE = YES;
				IPHONEOS_DEPLOYMENT_TARGET = 4.3;
				SDKROOT = iphoneos;
			};
			name = Debug;
		};
		A7B4DAC21367991200543D61 /* Release */ = {
			isa = XCBuildConfiguration;
			buildSettings = {
				ARCHS = "$(ARCHS_STANDARD_32_BIT)";
				GCC_C_LANGUAGE_STANDARD = gnu99;
				GCC_VERSION = com.apple.compilers.llvmgcc42;
				GCC_WARN_ABOUT_RETURN_TYPE = YES;
				GCC_WARN_UNUSED_VARIABLE = YES;
				IPHONEOS_DEPLOYMENT_TARGET = 4.3;
				SDKROOT = iphoneos;
			};
			name = Release;
		};
		A7B4DAC41367991200543D61 /* Debug */ = {
			isa = XCBuildConfiguration;
			buildSettings = {
				ALWAYS_SEARCH_USER_PATHS = NO;
				DSTROOT = /tmp/IttyBittyBits.dst;
				GCC_PRECOMPILE_PREFIX_HEADER = YES;
				GCC_PREFIX_HEADER = "IttyBittyBits-Prefix.pch";
				OTHER_LDFLAGS = "-ObjC";
				PRODUCT_NAME = "$(TARGET_NAME)";
			};
			name = Debug;
		};
		A7B4DAC51367991200543D61 /* Release */ = {
			isa = XCBuildConfiguration;
			buildSettings = {
				ALWAYS_SEARCH_USER_PATHS = NO;
				DSTROOT = /tmp/IttyBittyBits.dst;
				GCC_PRECOMPILE_PREFIX_HEADER = YES;
				GCC_PREFIX_HEADER = "IttyBittyBits-Prefix.pch";
				OTHER_LDFLAGS = "-ObjC";
				PRODUCT_NAME = "$(TARGET_NAME)";
			};
			name = Release;
		};
		A7B4DAE713679F5E00543D61 /* Debug */ = {
			isa = XCBuildConfiguration;
			buildSettings = {
				ALWAYS_SEARCH_USER_PATHS = NO;
				"CODE_SIGN_IDENTITY[sdk=iphoneos*]" = "iPhone Developer";
				COPY_PHASE_STRIP = NO;
				FRAMEWORK_SEARCH_PATHS = (
					"$(inherited)",
					"\"$(SRCROOT)/../lib/gh-unit\"",
				);
				GCC_DYNAMIC_NO_PIC = NO;
				GCC_PRECOMPILE_PREFIX_HEADER = YES;
				GCC_PREFIX_HEADER = "../tests/IttyBittyBitsTests-Prefix.pch";
				INFOPLIST_FILE = "../tests/IttyBittyBitsTests-Info.plist";
				OTHER_LDFLAGS = (
					"-ObjC",
					"-all_load",
				);
				PRODUCT_NAME = "$(TARGET_NAME)";
				WRAPPER_EXTENSION = app;
			};
			name = Debug;
		};
		A7B4DAE813679F5E00543D61 /* Release */ = {
			isa = XCBuildConfiguration;
			buildSettings = {
				ALWAYS_SEARCH_USER_PATHS = NO;
				"CODE_SIGN_IDENTITY[sdk=iphoneos*]" = "iPhone Developer";
				COPY_PHASE_STRIP = YES;
				FRAMEWORK_SEARCH_PATHS = (
					"$(inherited)",
					"\"$(SRCROOT)/../lib/gh-unit\"",
				);
				GCC_PRECOMPILE_PREFIX_HEADER = YES;
				GCC_PREFIX_HEADER = "../tests/IttyBittyBitsTests-Prefix.pch";
				INFOPLIST_FILE = "../tests/IttyBittyBitsTests-Info.plist";
				OTHER_CFLAGS = "-DNS_BLOCK_ASSERTIONS=1";
				OTHER_LDFLAGS = (
					"-ObjC",
					"-all_load",
				);
				PRODUCT_NAME = "$(TARGET_NAME)";
				VALIDATE_PRODUCT = YES;
				WRAPPER_EXTENSION = app;
			};
			name = Release;
		};
/* End XCBuildConfiguration section */

/* Begin XCConfigurationList section */
		A7B4DAB31367991100543D61 /* Build configuration list for PBXProject "IttyBittyBits" */ = {
			isa = XCConfigurationList;
			buildConfigurations = (
				A7B4DAC11367991200543D61 /* Debug */,
				A7B4DAC21367991200543D61 /* Release */,
			);
			defaultConfigurationIsVisible = 0;
			defaultConfigurationName = Release;
		};
		A7B4DAC31367991200543D61 /* Build configuration list for PBXNativeTarget "IttyBittyBits" */ = {
			isa = XCConfigurationList;
			buildConfigurations = (
				A7B4DAC41367991200543D61 /* Debug */,
				A7B4DAC51367991200543D61 /* Release */,
			);
			defaultConfigurationIsVisible = 0;
			defaultConfigurationName = Release;
		};
		A7B4DAE613679F5E00543D61 /* Build configuration list for PBXNativeTarget "IttyBittyBitsTests" */ = {
			isa = XCConfigurationList;
			buildConfigurations = (
				A7B4DAE713679F5E00543D61 /* Debug */,
				A7B4DAE813679F5E00543D61 /* Release */,
			);
			defaultConfigurationIsVisible = 0;
			defaultConfigurationName = Release;
		};
/* End XCConfigurationList section */
	};
	rootObject = A7B4DAB01367991100543D61 /* Project object */;
}
